lockfileVersion: '9.0'

settings:
  autoInstallPeers: true
  excludeLinksFromLockfile: false

importers:

  .:
    dependencies:
      '@cloudbase/adapter-node':
        specifier: ^1.0.2
        version: 1.0.2
      '@cloudbase/aiagent-framework':
        specifier: 1.0.0-beta.4
        version: 1.0.0-beta.4
      '@cloudbase/functions-typings':
        specifier: 1.0.0
        version: 1.0.0
      '@cloudbase/js-sdk':
        specifier: ^2.8.34
        version: 2.10.0
      openai:
        specifier: ^4.87.3
        version: 4.87.3(ws@8.18.0)(zod@3.24.2)
    devDependencies:
      '@dotenvx/dotenvx':
        specifier: ^1.39.0
        version: 1.39.0
      '@types/node':
        specifier: ^22.10.5
        version: 22.10.5
      rimraf:
        specifier: ^6.0.1
        version: 6.0.1
      ts-node:
        specifier: ^10.9.2
        version: 10.9.2(@types/node@22.10.5)(typescript@5.7.2)
      typescript:
        specifier: ^5.7.2
        version: 5.7.2

packages:

  '@cloudbase/adapter-interface@0.5.0':
    resolution: {integrity: sha512-6rPKyvD+uiq8I7wGSEG2TKqvp629EMs5EVeVayXE65QNul+2l89V08L5ha6xaTF7Sfg4q7lAyPQyGSEUnTu1IQ==}

  '@cloudbase/adapter-interface@0.6.0':
    resolution: {integrity: sha512-o+/hht5Zi4bxkPGGNVoGofXpux9pQYe5Oio+qbyL4bpR/+507rVRc/EH4t9YPUn6e0PDR+DZ794x221UiFU9JQ==}

  '@cloudbase/adapter-node@1.0.2':
    resolution: {integrity: sha512-YWHT0QfpHh6nv5Yo7lU2+gzTHFaXboaNxvb8Z2UY24w9z32vXvXVO1tdDUXaGOGiLItRclveKutyCdKJLA2sLg==}

  '@cloudbase/adapter-wx_mp@1.1.0':
    resolution: {integrity: sha512-eVolqrCtMwQQ1sJZxoaXoAtw8yIuKmkLDz1vvJX61rn/SuFkOSVmeKVg/4YQMa/NfC88NqbjNSzVTdiHLVfYsQ==}

  '@cloudbase/ai@2.10.0':
    resolution: {integrity: sha512-KFQzclYCH588pwp1D7Gl4HAXvXUbE9YJvL/PTF7ps4wsD+5Fi/RmM0mhbDyURmeD9rQxpGJAEtzVWa6i8ZvUig==}

  '@cloudbase/aiagent-framework@1.0.0-beta.4':
    resolution: {integrity: sha512-XO01+P0ZbLFulBoMQzHmOVA8XfDslMjKk4g8fvKv63D2/EaOILcnOXqjEsN2KzJYHDhtwMEy1tO605E0tEHvrA==}
    engines: {node: '>=18.0.0'}

  '@cloudbase/analytics@2.10.0':
    resolution: {integrity: sha512-lHkdr0osGMOVOFVgM7rijg6XPxQatlzcQptazg3u8fFagU1yJe9ixPH6NoaR7wa1WSf0PxQDiQsPXO4knySn0A==}

  '@cloudbase/app@2.10.0':
    resolution: {integrity: sha512-AnvpEQT3kFq4rlXgYAtPig1u7AvTscIV08UfNeHXerlkCjdweuKqrlaELfu6n9LXJjdLWatTje2CRrUm5QXEzg==}

  '@cloudbase/auth@2.10.0':
    resolution: {integrity: sha512-dRNsdZ9dY4QBabRd8cFbQpHRtsq36xYOXq+syNkZaAy4IVD5sVDNHvNlZHJKPBLmJGpWYtnYRax2ZRMqIWY3LA==}

  '@cloudbase/cloudrun@2.10.0':
    resolution: {integrity: sha512-yG9lSU0tXJNyOhZTD5aWSaHfiTg6HyfpJ+WSG/Y+j18YGLw0WH3t/yLInjMuwHxYJ9cKJzjHk8aRXTDdwcHcGw==}

  '@cloudbase/database@0.9.21':
    resolution: {integrity: sha512-tpOFC8BUtM0a6kKwpHrjJ9zqII8HZDHj3ZlmhZpKRTyzgS8GjFlM49f20pTgkcfwWzbPyvJROW6UYuLU1Vq+CQ==}

  '@cloudbase/functions-typings@1.0.0':
    resolution: {integrity: sha512-Zwdj//5F3TJPM+UR0X/olYiRG0Cu1xU1M4wP7jgnXwTzZjtEYytVArCm0QN/4C+5wRjX2B0BWZkpt2Pm6HsWQA==}
    engines: {node: '>=18.0.0'}

  '@cloudbase/functions@2.10.0':
    resolution: {integrity: sha512-9otSX2Es/A06O5ABFWQVQQghka0rnS/xsRCbzhanJgyZ/d2sSEEsEFphhW8x2IAUl9q61Nr4eWOnG9givOwOnA==}

  '@cloudbase/js-sdk@2.10.0':
    resolution: {integrity: sha512-4PNChleQwsBSWdD3rxHD9l2WjqbVrkGCRD5Qag7mE7m0VUuRbOGtyTg7rvtKpsBgWd4pE+xR8WP82X8tuKa6vg==}

  '@cloudbase/model@2.10.0':
    resolution: {integrity: sha512-ds0OFYOrhmWHs87OoGjuqgfhhvtqRSxN5E9yu0lcampgBZ81mDjR7rKCcLpW1xUK1yYzBz2ln/17g/F+jxaUmg==}

  '@cloudbase/oauth@2.10.0':
    resolution: {integrity: sha512-O0RVFKiZVXa4SjnhXR5c1OKTFcO5+o9Y5QphlEQrZaRYGJ3dzSQjxSKonf1xisUUsw1L80v0Mcd6UInSTK+5Xw==}

  '@cloudbase/realtime@2.10.0':
    resolution: {integrity: sha512-gte7jNuka08/ZXQHo5J7u9HRbfCnA+EghHpxhhi98yK/ouxOvga7zc45EmtBbprbxxTIGFqxi5e9B7aODfxGEw==}

  '@cloudbase/storage@2.10.0':
    resolution: {integrity: sha512-Z6Gjg59WPdNpFIBs7AQQeX9DVM2GeCC8Xojgn2NBXeYboo3KgbS02eqYJsAvyM89CnKN7RlQALEFutVOFDed2A==}

  '@cloudbase/types@2.10.0':
    resolution: {integrity: sha512-fzVzw2lp71ZNPGF5jRLAekFhdIP+Ukt6B7E0AvdxB6yQZLpkQymCtmmpTZxQGHludno1/p3yV2GfrW2+6u1FZA==}

  '@cloudbase/types@2.8.34':
    resolution: {integrity: sha512-Lh+SwPb3UwgLB2HqISV0q+0bW5X0blEwrGUN0S8FbhfxFabHFFEOq97oZnyAM6BjDKVmJv9iU1BXehXZ9lNyMQ==}

  '@cloudbase/utilities@2.10.0':
    resolution: {integrity: sha512-M7AjZ8OO2Kl+PRsKcFsl/vNWS79jYHjqp7CF3jO5La6dDvXA/iYuvm93VjbYzdp8wpVsMBCdJXx835uhoyUqmA==}

  '@cloudbase/utilities@2.8.11-beta.0':
    resolution: {integrity: sha512-k7sn8lQMrm52n9xJ7mBRp4XNIVQrpehJL4lR0Yj8QmGjkpq50mv0FGdzUZKrwEhu5DjapMjHTjvYupCIy16Jvg==}

  '@cloudbase/wx-cloud-client-sdk@1.4.0':
    resolution: {integrity: sha512-fmvjHuTxiDNeyoxf1NRdL8l+3EtcntyEqhNMXcymLcX2IjckzleXbdEjOcUYnQm5NQY8/wZ6n7e4CXMyR1ei8A==}

  '@cspotcode/source-map-support@0.8.1':
    resolution: {integrity: sha512-IchNf6dN4tHoMFIn/7OE8LWZ19Y6q/67Bmf6vnGREv8RSbBVb9LPJxEcnwrcwX6ixSvaiGoomAUvu4YSxXrVgw==}
    engines: {node: '>=12'}

  '@dotenvx/dotenvx@1.39.0':
    resolution: {integrity: sha512-qGfDpL/3S17MQYXpR3HkBS5xNQ7wiFlqLdpr+iIQzv17aMRcSlgL4EjMIsYFZ540Dq17J+y5FVElA1AkVoXiUA==}
    hasBin: true

  '@ecies/ciphers@0.2.3':
    resolution: {integrity: sha512-tapn6XhOueMwht3E2UzY0ZZjYokdaw9XtL9kEyjhQ/Fb9vL9xTFbOaI+fV0AWvTpYu4BNloC6getKW6NtSg4mA==}
    engines: {bun: '>=1', deno: '>=2', node: '>=16'}
    peerDependencies:
      '@noble/ciphers': ^1.0.0

  '@isaacs/cliui@8.0.2':
    resolution: {integrity: sha512-O8jcjabXaleOG9DQ0+ARXWZBTfnP4WNAqzuiJK7ll44AmxGKv/J2M4TPjxjY3znBCfvBXFzucm1twdyFybFqEA==}
    engines: {node: '>=12'}

  '@jridgewell/resolve-uri@3.1.2':
    resolution: {integrity: sha512-bRISgCIjP20/tbWSPWMEi54QVPRZExkuD9lJL+UIxUKtwVJA8wW1Trb1jMs1RFXo1CBTNZ/5hpC9QvmKWdopKw==}
    engines: {node: '>=6.0.0'}

  '@jridgewell/sourcemap-codec@1.5.0':
    resolution: {integrity: sha512-gv3ZRaISU3fjPAgNsriBRqGWQL6quFx04YMPW/zD8XMLsU32mhCCbfbO6KZFLjvYpCZ8zyDEgqsgf+PwPaM7GQ==}

  '@jridgewell/trace-mapping@0.3.9':
    resolution: {integrity: sha512-3Belt6tdc8bPgAtbcmdtNJlirVoTmEb5e2gC94PnkwEW9jI6CAHUeoG85tjWP5WquqfavoMtMwiG4P926ZKKuQ==}

  '@mattiasbuelens/web-streams-adapter@0.1.0':
    resolution: {integrity: sha512-oV4PyZfwJNtmFWhvlJLqYIX1Nn22ML8FZpS16ZUKv0hg7414xV1fjsGqxQzLT2dyK92TKxsJSwMOd7VNHAtPmA==}
    engines: {node: '>= 12'}

  '@noble/ciphers@1.2.1':
    resolution: {integrity: sha512-rONPWMC7PeExE077uLE4oqWrZ1IvAfz3oH9LibVAcVCopJiA9R62uavnbEzdkVmJYI6M6Zgkbeb07+tWjlq2XA==}
    engines: {node: ^14.21.3 || >=16}

  '@noble/curves@1.8.1':
    resolution: {integrity: sha512-warwspo+UYUPep0Q+vtdVB4Ugn8GGQj8iyB3gnRWsztmUHTI3S1nhdiWNsPUGL0vud7JlRRk1XEu7Lq1KGTnMQ==}
    engines: {node: ^14.21.3 || >=16}

  '@noble/hashes@1.7.1':
    resolution: {integrity: sha512-B8XBPsn4vT/KJAGqDzbwztd+6Yte3P4V7iafm24bxgDe/mlRuK6xmWPuCNrKt2vDafZ8MfJLlchDG/vYafQEjQ==}
    engines: {node: ^14.21.3 || >=16}

  '@tsconfig/node10@1.0.11':
    resolution: {integrity: sha512-DcRjDCujK/kCk/cUe8Xz8ZSpm8mS3mNNpta+jGCA6USEDfktlNvm1+IuZ9eTcDbNk41BHwpHHeW+N1lKCz4zOw==}

  '@tsconfig/node12@1.0.11':
    resolution: {integrity: sha512-cqefuRsh12pWyGsIoBKJA9luFu3mRxCA+ORZvA4ktLSzIuCUtWVxGIuXigEwO5/ywWFMZ2QEGKWvkZG1zDMTag==}

  '@tsconfig/node14@1.0.3':
    resolution: {integrity: sha512-ysT8mhdixWK6Hw3i1V2AeRqZ5WfXg1G43mqoYlM2nc6388Fq5jcXyr5mRsqViLx/GJYdoL0bfXD8nmF+Zn/Iow==}

  '@tsconfig/node16@1.0.4':
    resolution: {integrity: sha512-vxhUy4J8lyeyinH7Azl1pdd43GJhZH/tP2weN8TntQblOY+A0XbT8DJk1/oCPuOOyg/Ja757rG0CgHcWC8OfMA==}

  '@types/node-fetch@2.6.12':
    resolution: {integrity: sha512-8nneRWKCg3rMtF69nLQJnOYUcbafYeFSjqkw3jCRLsqkWFlHaoQrr5mXmofFGOx3DKn7UfmBMyov8ySvLRVldA==}

  '@types/node@18.19.80':
    resolution: {integrity: sha512-kEWeMwMeIvxYkeg1gTc01awpwLbfMRZXdIhwRcakd/KlK53jmRC26LqcbIt7fnAQTu5GzlnWmzA3H6+l1u6xxQ==}

  '@types/node@22.10.5':
    resolution: {integrity: sha512-F8Q+SeGimwOo86fiovQh8qiXfFEh2/ocYv7tU5pJ3EXMSSxk1Joj5wefpFK2fHTf/N6HKGSxIDBT9f3gCxXPkQ==}

  abort-controller@3.0.0:
    resolution: {integrity: sha512-h8lQ8tacZYnR3vNQTgibj+tODHI5/+l06Au2Pcriv/Gmet0eaj4TwWH41sO9wnHDiQsEj19q0drzdWdeAHtweg==}
    engines: {node: '>=6.5'}

  acorn-walk@8.3.4:
    resolution: {integrity: sha512-ueEepnujpqee2o5aIYnvHU6C0A42MNdsIDeqy5BydrkuC5R1ZuUFnm27EeFJGoEHJQgn3uleRvmTXaJgfXbt4g==}
    engines: {node: '>=0.4.0'}

  acorn@8.14.0:
    resolution: {integrity: sha512-cl669nCJTZBsL97OF4kUQm5g5hC2uihk0NxY3WENAC0TYdILVkAyHymAntgxGkl7K+t0cXIrH5siy5S4XkFycA==}
    engines: {node: '>=0.4.0'}
    hasBin: true

  agentkeepalive@4.6.0:
    resolution: {integrity: sha512-kja8j7PjmncONqaTsB8fQ+wE2mSU2DJ9D4XKoJ5PFWIdRMa6SLSN1ff4mOr4jCbfRSsxR4keIiySJU0N9T5hIQ==}
    engines: {node: '>= 8.0.0'}

  ansi-regex@5.0.1:
    resolution: {integrity: sha512-quJQXlTSUGL2LH9SUXo8VwsY4soanhgo6LNSm84E1LBcE8s3O0wpdiRzyR9z/ZZJMlMWv37qOOb9pdJlMUEKFQ==}
    engines: {node: '>=8'}

  ansi-regex@6.1.0:
    resolution: {integrity: sha512-7HSX4QQb4CspciLpVFwyRe79O3xsIZDDLER21kERQ71oaPodF8jL725AgJMFAYbooIqolJoRLuM81SpeUkpkvA==}
    engines: {node: '>=12'}

  ansi-styles@4.3.0:
    resolution: {integrity: sha512-zbB9rCJAT1rbjiVDb2hqKFHNYLxgtk8NURxZ3IZwD3F6NtxbXZQCnnSi1Lkx+IDohdPlFp222wVALIheZJQSEg==}
    engines: {node: '>=8'}

  ansi-styles@6.2.1:
    resolution: {integrity: sha512-bN798gFfQX+viw3R7yrGWRqnrN2oRkEkUjjl4JNn4E8GxxbjtG3FbrEIIY3l8/hrwUwIeCZvi4QuOTP4MErVug==}
    engines: {node: '>=12'}

  arg@4.1.3:
    resolution: {integrity: sha512-58S9QDqG0Xx27YwPSt9fJxivjYl432YCwfDMfZ+71RAqUrZef7LrKQZ3LHLOwCS4FLNBplP533Zx895SeOCHvA==}

  asynckit@0.4.0:
    resolution: {integrity: sha512-Oei9OH4tRh0YqU3GxhX79dM/mwVgvbZJaSNaRk+bshkj0S5cfHcgYakreBjrHwatXKbz+IoIdYLxrKim2MjW0Q==}

  balanced-match@1.0.2:
    resolution: {integrity: sha512-3oSeUO0TMV67hN1AmbXsK4yaqU7tjiHlbxRDZOpH0KW9+CeX4bRAaX0Anxt0tx2MrpRpWwQaPwIlISEJhYU5Pw==}

  base64-js@1.5.1:
    resolution: {integrity: sha512-AKpaYlHn8t4SVbOHCy+b5+KKgvR4vrsD8vbvrbiQJps7fKDTkjkDry6ji0rUJjC0kzbNePLwzxq8iypo41qeWA==}

  brace-expansion@2.0.1:
    resolution: {integrity: sha512-XnAIvQ8eM+kC6aULx6wuQiwVsnzsi9d3WxzV3FpWTGA19F621kwdbsAcFKXgKUHZWsy+mY6iL1sHTxWEFCytDA==}

  bson@4.7.2:
    resolution: {integrity: sha512-Ry9wCtIZ5kGqkJoi6aD8KjxFZEx78guTQDnpXWiNthsxzrxAK/i8E6pCHAIZTbaEFWcOCvbecMukfK7XUvyLpQ==}
    engines: {node: '>=6.9.0'}

  buffer@5.7.1:
    resolution: {integrity: sha512-EHcyIPBQ4BSGlvjB16k5KgAJ27CIsHY/2JBmCRReo48y9rQ3MaUzWX3KVlBa4U7MyX02HdVj0K7C3WaB3ju7FQ==}

  call-bind-apply-helpers@1.0.2:
    resolution: {integrity: sha512-Sp1ablJ0ivDkSzjcaJdxEunN5/XvksFJ2sMBFfq6x0ryhQV/2b/KwFe21cMpmHtPOSij8K99/wSfoEuTObmuMQ==}
    engines: {node: '>= 0.4'}

  color-convert@2.0.1:
    resolution: {integrity: sha512-RRECPsj7iu/xb5oKYcsFHSppFNnsj/52OVTRKb4zP5onXwVF3zVmmToNcOfGC+CRDpfK/U584fMg38ZHCaElKQ==}
    engines: {node: '>=7.0.0'}

  color-name@1.1.4:
    resolution: {integrity: sha512-dOy+3AuW3a2wNbZHIuMZpTcgjGuLU/uBL/ubcZF9OXbDo8ff4O8yVp5Bf0efS8uEoYo5q4Fx7dY9OgQGXgAsQA==}

  combined-stream@1.0.8:
    resolution: {integrity: sha512-FQN4MRfuJeHf7cBbBMJFXhKSDq+2kAArBlmRBvcvFE5BB1HZKXtSFASDhdlz9zOYwxh8lDdnvmMOe/+5cdoEdg==}
    engines: {node: '>= 0.8'}

  commander@11.1.0:
    resolution: {integrity: sha512-yPVavfyCcRhmorC7rWlkHn15b4wDVgVmBA7kV4QVBsF7kv/9TKJAbAXVTxvTnwP8HHKjRCJDClKbciiYS7p0DQ==}
    engines: {node: '>=16'}

  create-require@1.1.1:
    resolution: {integrity: sha512-dcKFX3jn0MpIaXjisoRvexIJVEKzaq7z2rZKxf+MSr9TkdmHmsU4m2lcLojrj/FHl8mk5VxMmYA+ftRkP/3oKQ==}

  cross-spawn@7.0.6:
    resolution: {integrity: sha512-uV2QOWP2nWzsy2aMp8aRibhi9dlzF5Hgh5SHaB9OiTGEyDTiJJyx0uy51QXdyWbtAHNua4XJzUKca3OzKUd3vA==}
    engines: {node: '>= 8'}

  data-uri-to-buffer@4.0.1:
    resolution: {integrity: sha512-0R9ikRb668HB7QDxT1vkpuUBtqc53YyAwMwGeUFKRojY/NWKvdZ+9UYtRfGmhqNbRkTSVpMbmyhXipFFv2cb/A==}
    engines: {node: '>= 12'}

  delayed-stream@1.0.0:
    resolution: {integrity: sha512-ZySD7Nf91aLB0RxL4KGrKHBXl7Eds1DAmEdcoVawXnLD7SDhpNgtuII2aAkg7a7QS41jxPSZ17p4VdGnMHk3MQ==}
    engines: {node: '>=0.4.0'}

  diff@4.0.2:
    resolution: {integrity: sha512-58lmxKSA4BNyLz+HHMUzlOEpg09FV+ev6ZMe3vJihgdxzgcwZ8VoEEPmALCZG9LmqfVoNMMKpttIYTVG6uDY7A==}
    engines: {node: '>=0.3.1'}

  dotenv@16.4.7:
    resolution: {integrity: sha512-47qPchRCykZC03FhkYAhrvwU4xDBFIj1QPqaarj6mdM/hgUzfPHcpkHJOn3mJAufFeeAxAzeGsr5X0M4k6fLZQ==}
    engines: {node: '>=12'}

  dunder-proto@1.0.1:
    resolution: {integrity: sha512-KIN/nDJBQRcXw0MLVhZE9iQHmG68qAVIBg9CqmUYjmQIhgij9U5MFvrqkUL5FbtyyzZuOeOt0zdeRe4UY7ct+A==}
    engines: {node: '>= 0.4'}

  eastasianwidth@0.2.0:
    resolution: {integrity: sha512-I88TYZWc9XiYHRQ4/3c5rjjfgkjhLyW2luGIheGERbNQ6OY7yTybanSpDXZa8y7VUP9YmDcYa+eyq4ca7iLqWA==}

  eciesjs@0.4.14:
    resolution: {integrity: sha512-eJAgf9pdv214Hn98FlUzclRMYWF7WfoLlkS9nWMTm1qcCwn6Ad4EGD9lr9HXMBfSrZhYQujRE+p0adPRkctC6A==}
    engines: {bun: '>=1', deno: '>=2', node: '>=16'}

  emoji-regex@8.0.0:
    resolution: {integrity: sha512-MSjYzcWNOA0ewAHpz0MxpYFvwg6yjy1NG3xteoqz644VCo/RPgnr1/GGt+ic3iJTzQ8Eu3TdM14SawnVUmGE6A==}

  emoji-regex@9.2.2:
    resolution: {integrity: sha512-L18DaJsXSUk2+42pv8mLs5jJT2hqFkFE4j21wOmgbUqsZ2hL72NsUU785g9RXgo3s0ZNgVl42TiHp3ZtOv/Vyg==}

  es-define-property@1.0.1:
    resolution: {integrity: sha512-e3nRfgfUZ4rNGL232gUgX06QNyyez04KdjFrF+LTRoOXmrOgFKDg4BCdsjW8EnT69eqdYGmRpJwiPVYNrCaW3g==}
    engines: {node: '>= 0.4'}

  es-errors@1.3.0:
    resolution: {integrity: sha512-Zf5H2Kxt2xjTvbJvP2ZWLEICxA6j+hAmMzIlypy4xcBg1vKVnx89Wy0GbS+kf5cwCVFFzdCFh2XSCFNULS6csw==}
    engines: {node: '>= 0.4'}

  es-object-atoms@1.1.1:
    resolution: {integrity: sha512-FGgH2h8zKNim9ljj7dankFPcICIK9Cp5bm+c2gQSYePhpaG5+esrLODihIorn+Pe6FGJzWhXQotPv73jTaldXA==}
    engines: {node: '>= 0.4'}

  es-set-tostringtag@2.1.0:
    resolution: {integrity: sha512-j6vWzfrGVfyXxge+O0x5sh6cvxAog0a/4Rdd2K36zCMV5eJ+/+tOAngRO8cODMNWbVRdVlmGZQL2YS3yR8bIUA==}
    engines: {node: '>= 0.4'}

  event-target-shim@5.0.1:
    resolution: {integrity: sha512-i/2XbnSz/uxRCU6+NdVJgKWDTM427+MqYbkQzD321DuCQJUqOuJKIA0IM2+W2xtYHdKOmZ4dR6fExsd4SXL+WQ==}
    engines: {node: '>=6'}

  execa@5.1.1:
    resolution: {integrity: sha512-8uSpZZocAZRBAPIEINJj3Lo9HyGitllczc27Eh5YYojjMFMn8yHMDMaUHE2Jqfq05D/wucwI4JGURyXt1vchyg==}
    engines: {node: '>=10'}

  fdir@6.4.3:
    resolution: {integrity: sha512-PMXmW2y1hDDfTSRc9gaXIuCCRpuoz3Kaz8cUelp3smouvfT632ozg2vrT6lJsHKKOF59YLbOGfAWGUcKEfRMQw==}
    peerDependencies:
      picomatch: ^3 || ^4
    peerDependenciesMeta:
      picomatch:
        optional: true

  fetch-blob@3.2.0:
    resolution: {integrity: sha512-7yAQpD2UMJzLi1Dqv7qFYnPbaPx7ZfFK6PiIxQ4PfkGPyNyl2Ugx+a/umUonmKqjhM4DnfbMvdX6otXq83soQQ==}
    engines: {node: ^12.20 || >= 14.13}

  foreground-child@3.3.0:
    resolution: {integrity: sha512-Ld2g8rrAyMYFXBhEqMz8ZAHBi4J4uS1i/CxGMDnjyFWddMXLVcDp051DZfu+t7+ab7Wv6SMqpWmyFIj5UbfFvg==}
    engines: {node: '>=14'}

  form-data-encoder@1.7.2:
    resolution: {integrity: sha512-qfqtYan3rxrnCk1VYaA4H+Ms9xdpPqvLZa6xmMgFvhO32x7/3J/ExcTd6qpxM0vH2GdMI+poehyBZvqfMTto8A==}

  form-data@4.0.2:
    resolution: {integrity: sha512-hGfm/slu0ZabnNt4oaRZ6uREyfCj6P4fT/n6A1rGV+Z0VdGXjfOhVUpkn6qVQONHGIFwmveGXyDs75+nr6FM8w==}
    engines: {node: '>= 6'}

  formdata-node@4.4.1:
    resolution: {integrity: sha512-0iirZp3uVDjVGt9p49aTaqjk84TrglENEDuqfdlZQ1roC9CWlPk6Avf8EEnZNcAqPonwkG35x4n3ww/1THYAeQ==}
    engines: {node: '>= 12.20'}

  formdata-polyfill@4.0.10:
    resolution: {integrity: sha512-buewHzMvYL29jdeQTVILecSaZKnt/RJWjoZCF5OW60Z67/GmSLBkOFM7qh1PI3zFNtJbaZL5eQu1vLfazOwj4g==}
    engines: {node: '>=12.20.0'}

  function-bind@1.1.2:
    resolution: {integrity: sha512-7XHNxH7qX9xG5mIwxkhumTox/MIRNcOgDrxWsMt2pAr23WHp6MrRlN7FBSFpCpr+oVO0F744iUgR82nJMfG2SA==}

  get-intrinsic@1.3.0:
    resolution: {integrity: sha512-9fSjSaos/fRIVIp+xSJlE6lfwhES7LNtKaCBIamHsjr2na1BiABJPo0mOjjz8GJDURarmCPGqaiVg5mfjb98CQ==}
    engines: {node: '>= 0.4'}

  get-proto@1.0.1:
    resolution: {integrity: sha512-sTSfBjoXBp89JvIKIefqw7U2CCebsc74kiY6awiGogKtoSGbgjYE/G/+l9sF3MWFPNc9IcoOC4ODfKHfxFmp0g==}
    engines: {node: '>= 0.4'}

  get-stream@6.0.1:
    resolution: {integrity: sha512-ts6Wi+2j3jQjqi70w5AlN8DFnkSwC+MqmxEzdEALB2qXZYV3X/b1CTfgPLGJNMeAWxdPfU8FO1ms3NUfaHCPYg==}
    engines: {node: '>=10'}

  glob@11.0.1:
    resolution: {integrity: sha512-zrQDm8XPnYEKawJScsnM0QzobJxlT/kHOOlRTio8IH/GrmxRE5fjllkzdaHclIuNjUQTJYH2xHNIGfdpJkDJUw==}
    engines: {node: 20 || >=22}
    hasBin: true

  gopd@1.2.0:
    resolution: {integrity: sha512-ZUKRh6/kUFoAiTAtTYPZJ3hw9wNxx+BIBOijnlG9PnrJsCcSjs1wyyD6vJpaYtgnzDrKYRSqf3OO6Rfa93xsRg==}
    engines: {node: '>= 0.4'}

  has-symbols@1.1.0:
    resolution: {integrity: sha512-1cDNdwJ2Jaohmb3sg4OmKaMBwuC48sYni5HUw2DvsC8LjGTLK9h+eb1X6RyuOHe4hT0ULCW68iomhjUoKUqlPQ==}
    engines: {node: '>= 0.4'}

  has-tostringtag@1.0.2:
    resolution: {integrity: sha512-NqADB8VjPFLM2V0VvHUewwwsw0ZWBaIdgo+ieHtK3hasLz4qeCRjYcqfB6AQrBggRKppKF8L52/VqdVsO47Dlw==}
    engines: {node: '>= 0.4'}

  hasown@2.0.2:
    resolution: {integrity: sha512-0hJU9SCPvmMzIBdZFqNPXWa6dqh7WdH0cII9y+CyS8rG3nL48Bclra9HmKhVVUHyPWNH5Y7xDwAB7bfgSjkUMQ==}
    engines: {node: '>= 0.4'}

  human-signals@2.1.0:
    resolution: {integrity: sha512-B4FFZ6q/T2jhhksgkbEW3HBvWIfDW85snkQgawt07S7J5QXTk6BkNV+0yAeZrM5QpMAdYlocGoljn0sJ/WQkFw==}
    engines: {node: '>=10.17.0'}

  humanize-ms@1.2.1:
    resolution: {integrity: sha512-Fl70vYtsAFb/C06PTS9dZBo7ihau+Tu/DNCk/OyHhea07S+aeMWpFFkUaXRa8fI+ScZbEI8dfSxwY7gxZ9SAVQ==}

  ieee754@1.2.1:
    resolution: {integrity: sha512-dcyqhDvX1C46lXZcVqCpK+FtMRQVdIMN6/Df5js2zouUsqG7I6sFxitIC+7KYK29KdXOLHdu9zL4sFnoVQnqaA==}

  ignore@5.3.2:
    resolution: {integrity: sha512-hsBTNUqQTDwkWtcdYI2i06Y/nUBEsNEDJKjWdigLvegy8kDuJAS8uRlpkkcQpyEXL0Z/pjDy5HBmMjRCJ2gq+g==}
    engines: {node: '>= 4'}

  is-fullwidth-code-point@3.0.0:
    resolution: {integrity: sha512-zymm5+u+sCsSWyD9qNaejV3DFvhCKclKdizYaJUuHA83RLjb7nSuGnddCHGv0hk+KY7BMAlsWeK4Ueg6EV6XQg==}
    engines: {node: '>=8'}

  is-stream@2.0.1:
    resolution: {integrity: sha512-hFoiJiTl63nn+kstHGBtewWSKnQLpyb155KHheA1l39uvtO9nWIop1p3udqPcUd/xbF1VLMO4n7OI6p7RbngDg==}
    engines: {node: '>=8'}

  isexe@2.0.0:
    resolution: {integrity: sha512-RHxMLp9lnKHGHRng9QFhRCMbYAcVpn69smSGcq3f36xjgVVWThj4qqLbTLlq7Ssj8B+fIQ1EuCEGI2lKsyQeIw==}

  isexe@3.1.1:
    resolution: {integrity: sha512-LpB/54B+/2J5hqQ7imZHfdU31OlgQqx7ZicVlkm9kzg9/w8GKLEcFfJl/t7DCEDueOyBAD6zCCwTO6Fzs0NoEQ==}
    engines: {node: '>=16'}

  jackspeak@4.0.2:
    resolution: {integrity: sha512-bZsjR/iRjl1Nk1UkjGpAzLNfQtzuijhn2g+pbZb98HQ1Gk8vM9hfbxeMBP+M2/UUdwj0RqGG3mlvk2MsAqwvEw==}
    engines: {node: 20 || >=22}

  jwt-decode@3.1.2:
    resolution: {integrity: sha512-UfpWE/VZn0iP50d8cz9NrZLM9lSWhcJ+0Gt/nm4by88UL+J1SiKN8/5dkjMmbEzwL2CAe+67GsegCbIKtbp75A==}

  lodash.clonedeep@4.5.0:
    resolution: {integrity: sha512-H5ZhCF25riFd9uB5UCkVKo61m3S/xZk1x4wA6yp/L3RFP6Z/eHH1ymQcGLo7J3GMPfm0V/7m1tryHuGVxpqEBQ==}

  lodash.set@4.3.2:
    resolution: {integrity: sha512-4hNPN5jlm/N/HLMCO43v8BXKq9Z7QdAGc/VGrRD61w8gN9g/6jF9A4L1pbUgBLCffi0w9VsXfTOij5x8iTyFvg==}

  lodash.unset@4.5.2:
    resolution: {integrity: sha512-bwKX88k2JhCV9D1vtE8+naDKlLiGrSmf8zi/Y9ivFHwbmRfA8RxS/aVJ+sIht2XOwqoNr4xUPUkGZpc1sHFEKg==}

  lru-cache@11.0.2:
    resolution: {integrity: sha512-123qHRfJBmo2jXDbo/a5YOQrJoHF/GNQTLzQ5+IdK5pWpceK17yRc6ozlWd25FxvGKQbIUs91fDFkXmDHTKcyA==}
    engines: {node: 20 || >=22}

  make-error@1.3.6:
    resolution: {integrity: sha512-s8UhlNe7vPKomQhC1qFelMokr/Sc3AgNbso3n74mVPA5LTZwkB9NlXf4XPamLxJE8h0gh73rM94xvwRT2CVInw==}

  math-intrinsics@1.1.0:
    resolution: {integrity: sha512-/IXtbwEk5HTPyEwyKX6hGkYXxM9nbj64B+ilVJnC/R6B0pH5G4V3b0pVbL7DBj4tkhBAppbQUlf6F6Xl9LHu1g==}
    engines: {node: '>= 0.4'}

  merge-stream@2.0.0:
    resolution: {integrity: sha512-abv/qOcuPfk3URPfDzmZU1LKmuw8kT+0nIHvKrKgFrwifol/doWcdA4ZqsWQ8ENrFKkd67Mfpo/LovbIUsbt3w==}

  mime-db@1.52.0:
    resolution: {integrity: sha512-sPU4uV7dYlvtWJxwwxHD0PuihVNiE7TyAbQ5SWxDCB9mUYvOgroQOwYQQOKPJ8CIbE+1ETVlOoK1UC2nU3gYvg==}
    engines: {node: '>= 0.6'}

  mime-types@2.1.35:
    resolution: {integrity: sha512-ZDY+bPm5zTTF+YpCrAU9nK0UgICYPT0QtT1NZWFv4s++TNkcgVaT0g6+4R2uI4MjQjzysHB1zxuWL50hzaeXiw==}
    engines: {node: '>= 0.6'}

  mimic-fn@2.1.0:
    resolution: {integrity: sha512-OqbOk5oEQeAZ8WXWydlu9HJjz9WVdEIvamMCcXmuqUYjTknH/sqsWvhQ3vgwKFRR1HpjvNBKQ37nbJgYzGqGcg==}
    engines: {node: '>=6'}

  minimatch@10.0.1:
    resolution: {integrity: sha512-ethXTt3SGGR+95gudmqJ1eNhRO7eGEGIgYA9vnPatK4/etz2MEVDno5GMCibdMTuBMyElzIlgxMna3K94XDIDQ==}
    engines: {node: 20 || >=22}

  minipass@7.1.2:
    resolution: {integrity: sha512-qOOzS1cBTWYF4BH8fVePDBOO9iptMnGUEZwNc/cMWnTV2nVLZ7VoNWEPHkYczZA0pdoA7dl6e7FL659nX9S2aw==}
    engines: {node: '>=16 || 14 >=14.17'}

  ms@2.1.3:
    resolution: {integrity: sha512-6FlzubTLZG3J2a/NVCAleEhjzq5oxgHyaCU9yYXvcLsvoVaHJq/s5xXI6/XXP6tz7R9xAOtHnSO/tXtF3WRTlA==}

  node-domexception@1.0.0:
    resolution: {integrity: sha512-/jKZoMpw0F8GRwl4/eLROPA3cfcXtLApP0QzLmUT/HuPCZWyB7IY9ZrMeKw2O/nFIqPQB3PVM9aYm0F312AXDQ==}
    engines: {node: '>=10.5.0'}

  node-fetch@2.7.0:
    resolution: {integrity: sha512-c4FRfUm/dbcWZ7U+1Wq0AwCyFL+3nt2bEw05wfxSz+DWpWsitgmSgYmy2dQdWyKC1694ELPqMs/YzUSNozLt8A==}
    engines: {node: 4.x || >=6.0.0}
    peerDependencies:
      encoding: ^0.1.0
    peerDependenciesMeta:
      encoding:
        optional: true

  node-fetch@3.3.2:
    resolution: {integrity: sha512-dRB78srN/l6gqWulah9SrxeYnxeddIG30+GOqK/9OlLVyLg3HPnr6SqOWTWOXKRwC2eGYCkZ59NNuSgvSrpgOA==}
    engines: {node: ^12.20.0 || ^14.13.1 || >=16.0.0}

  npm-run-path@4.0.1:
    resolution: {integrity: sha512-S48WzZW777zhNIrn7gxOlISNAqi9ZC/uQFnRdbeIHhZhCA6UqpkOT8T1G7BvfdgP4Er8gF4sUbaS0i7QvIfCWw==}
    engines: {node: '>=8'}

  object-treeify@1.1.33:
    resolution: {integrity: sha512-EFVjAYfzWqWsBMRHPMAXLCDIJnpMhdWAqR7xG6M6a2cs6PMFpl/+Z20w9zDW4vkxOFfddegBKq9Rehd0bxWE7A==}
    engines: {node: '>= 10'}

  onetime@5.1.2:
    resolution: {integrity: sha512-kbpaSSGJTWdAY5KPVeMOKXSrPtr8C8C7wodJbcsd51jRnmD+GZu8Y0VoU6Dm5Z4vWr0Ig/1NKuWRKf7j5aaYSg==}
    engines: {node: '>=6'}

  openai@4.87.3:
    resolution: {integrity: sha512-d2D54fzMuBYTxMW8wcNmhT1rYKcTfMJ8t+4KjH2KtvYenygITiGBgHoIrzHwnDQWW+C5oCA+ikIR2jgPCFqcKQ==}
    hasBin: true
    peerDependencies:
      ws: ^8.18.0
      zod: ^3.23.8
    peerDependenciesMeta:
      ws:
        optional: true
      zod:
        optional: true

  package-json-from-dist@1.0.1:
    resolution: {integrity: sha512-UEZIS3/by4OC8vL3P2dTXRETpebLI2NiI5vIrjaD/5UtrkFX/tNbwjTSRAGC/+7CAo2pIcBaRgWmcBBHcsaCIw==}

  path-key@3.1.1:
    resolution: {integrity: sha512-ojmeN0qd+y0jszEtoY48r0Peq5dwMEkIlCOu6Q5f41lfkswXuKtYrhgoTpLnyIcHm24Uhqx+5Tqm2InSwLhE6Q==}
    engines: {node: '>=8'}

  path-scurry@2.0.0:
    resolution: {integrity: sha512-ypGJsmGtdXUOeM5u93TyeIEfEhM6s+ljAhrk5vAvSx8uyY/02OvrZnA0YNGUrPXfpJMgI1ODd3nwz8Npx4O4cg==}
    engines: {node: 20 || >=22}

  picomatch@4.0.2:
    resolution: {integrity: sha512-M7BAV6Rlcy5u+m6oPhAPFgJTzAioX/6B0DxyvDlo9l8+T3nLKbrczg2WLUyzd45L8RqfUMyGPzekbMvX2Ldkwg==}
    engines: {node: '>=12'}

  rimraf@6.0.1:
    resolution: {integrity: sha512-9dkvaxAsk/xNXSJzMgFqqMCuFgt2+KsOFek3TMLfo8NCPfWpBmqwyNn5Y+NX56QUYfCtsyhF3ayiboEoUmJk/A==}
    engines: {node: 20 || >=22}
    hasBin: true

  shebang-command@2.0.0:
    resolution: {integrity: sha512-kHxr2zZpYtdmrN1qDjrrX/Z1rR1kG8Dx+gkpK1G4eXmvXswmcE1hTWBWYUzlraYw1/yZp6YuDY77YtvbN0dmDA==}
    engines: {node: '>=8'}

  shebang-regex@3.0.0:
    resolution: {integrity: sha512-7++dFhtcx3353uBaq8DDR4NuxBetBzC7ZQOhmTQInHEd6bSrXdiEyzCvG07Z44UYdLShWUyXt5M/yhz8ekcb1A==}
    engines: {node: '>=8'}

  signal-exit@3.0.7:
    resolution: {integrity: sha512-wnD2ZE+l+SPC/uoS0vXeE9L1+0wuaMqKlfz9AMUo38JsyLSBWSFcHR1Rri62LZc12vLr1gb3jl7iwQhgwpAbGQ==}

  signal-exit@4.1.0:
    resolution: {integrity: sha512-bzyZ1e88w9O1iNJbKnOlvYTrWPDl46O1bG0D3XInv+9tkPrxrN8jUUTiFlDkkmKWgn1M6CfIA13SuGqOa9Korw==}
    engines: {node: '>=14'}

  string-width@4.2.3:
    resolution: {integrity: sha512-wKyQRQpjJ0sIp62ErSZdGsjMJWsap5oRNihHhu6G7JVO/9jIB6UyevL+tXuOqrng8j/cxKTWyWUwvSTriiZz/g==}
    engines: {node: '>=8'}

  string-width@5.1.2:
    resolution: {integrity: sha512-HnLOCR3vjcY8beoNLtcjZ5/nxn2afmME6lhrDrebokqMap+XbeW8n9TXpPDOqdGK5qcI3oT0GKTW6wC7EMiVqA==}
    engines: {node: '>=12'}

  strip-ansi@6.0.1:
    resolution: {integrity: sha512-Y38VPSHcqkFrCpFnQ9vuSXmquuv5oXOKpGeT6aGrr3o3Gc9AlVa6JBfUSOCnbxGGZF+/0ooI7KrPuUSztUdU5A==}
    engines: {node: '>=8'}

  strip-ansi@7.1.0:
    resolution: {integrity: sha512-iq6eVVI64nQQTRYq2KtEg2d2uU7LElhTJwsH4YzIHZshxlgZms/wIc4VoDQTlG/IvVIrBKG06CrZnp0qv7hkcQ==}
    engines: {node: '>=12'}

  strip-final-newline@2.0.0:
    resolution: {integrity: sha512-BrpvfNAE3dcvq7ll3xVumzjKjZQ5tI1sEUIKr3Uoks0XUl45St3FlatVqef9prk4jRDzhW6WZg+3bk93y6pLjA==}
    engines: {node: '>=6'}

  text-encoding-shim@1.0.5:
    resolution: {integrity: sha512-H7yYW+jRn4yhu60ygZ2f/eMhXPITRt4QSUTKzLm+eCaDsdX8avmgWpmtmHAzesjBVUTAypz9odu5RKUjX5HNYA==}

  tr46@0.0.3:
    resolution: {integrity: sha512-N3WMsuqV66lT30CrXNbEjx4GEwlow3v6rr4mCcv6prnfwhS01rkgyFdjPNBYd9br7LpXV1+Emh01fHnq2Gdgrw==}

  ts-node@10.9.2:
    resolution: {integrity: sha512-f0FFpIdcHgn8zcPSbf1dRevwt047YMnaiJM3u2w2RewrB+fob/zePZcrOyQoLMMO7aBIddLcQIEK5dYjkLnGrQ==}
    hasBin: true
    peerDependencies:
      '@swc/core': '>=1.2.50'
      '@swc/wasm': '>=1.2.50'
      '@types/node': '*'
      typescript: '>=2.7'
    peerDependenciesMeta:
      '@swc/core':
        optional: true
      '@swc/wasm':
        optional: true

  typescript@5.7.2:
    resolution: {integrity: sha512-i5t66RHxDvVN40HfDd1PsEThGNnlMCMT3jMUuoh9/0TaqWevNontacunWyN02LA9/fIbEWlcHZcgTKb9QoaLfg==}
    engines: {node: '>=14.17'}
    hasBin: true

  undici-types@5.26.5:
    resolution: {integrity: sha512-JlCMO+ehdEIKqlFxk6IfVoAUVmgz7cU7zD/h9XZ0qzeosSHmUJVOzSQvvYSYWXkFXC+IfLKSIffhv0sVZup6pA==}

  undici-types@6.20.0:
    resolution: {integrity: sha512-Ny6QZ2Nju20vw1SRHe3d9jVu6gJ+4e3+MMpqu7pqE5HT6WsTSlce++GQmK5UXS8mzV8DSYHrQH+Xrf2jVcuKNg==}

  v8-compile-cache-lib@3.0.1:
    resolution: {integrity: sha512-wa7YjyUGfNZngI/vtK0UHAN+lgDCxBPCylVXGp0zu59Fz5aiGtNXaq3DhIov063MorB+VfufLh3JlF2KdTK3xg==}

  web-streams-polyfill@3.3.3:
    resolution: {integrity: sha512-d2JWLCivmZYTSIoge9MsgFCZrt571BikcWGYkjC1khllbTeDlGqZ2D8vD8E/lJa8WGWbb7Plm8/XJYV7IJHZZw==}
    engines: {node: '>= 8'}

  web-streams-polyfill@4.0.0-beta.3:
    resolution: {integrity: sha512-QW95TCTaHmsYfHDybGMwO5IJIM93I/6vTRk+daHTWFPhwh+C8Cg7j7XyKrwrj8Ib6vYXe0ocYNrmzY4xAAN6ug==}
    engines: {node: '>= 14'}

  web-streams-polyfill@4.1.0:
    resolution: {integrity: sha512-A7Jxrg7+eV+eZR/CIdESDnRGFb6/bcKukGvJBB5snI6cw3is1c2qamkYstC1bY1p08TyMRlN9eTMkxmnKJBPBw==}
    engines: {node: '>= 8'}

  webidl-conversions@3.0.1:
    resolution: {integrity: sha512-2JAn3z8AR6rjK8Sm8orRC0h/bcl/DqL7tRPdGZ4I1CjdF+EaMLmYxBHyXuKL849eucPFhvBoxMsflfOb8kxaeQ==}

  whatwg-url@5.0.0:
    resolution: {integrity: sha512-saE57nupxk6v3HY35+jzBwYa0rKSy0XR8JSxZPwgLr7ys0IBzhGviA1/TUGJLmSVqs8pb9AnvICXEuOHLprYTw==}

  which@2.0.2:
    resolution: {integrity: sha512-BLI3Tl1TW3Pvl70l3yq3Y64i+awpwXqsGBYWkkqMtnbXgrMD+yj7rhW0kuEDxzJaYXGjEW5ogapKNMEKNMjibA==}
    engines: {node: '>= 8'}
    hasBin: true

  which@4.0.0:
    resolution: {integrity: sha512-GlaYyEb07DPxYCKhKzplCWBJtvxZcZMrL+4UkrTSJHHPyZU4mYYTv3qaOe77H7EODLSSopAUFAc6W8U4yqvscg==}
    engines: {node: ^16.13.0 || >=18.0.0}
    hasBin: true

  wrap-ansi@7.0.0:
    resolution: {integrity: sha512-YVGIj2kamLSTxw6NsZjoBxfSwsn0ycdesmc4p+Q21c5zPuZ1pl+NfxVdxPtdHvmNVOQ6XSYG4AUtyt/Fi7D16Q==}
    engines: {node: '>=10'}

  wrap-ansi@8.1.0:
    resolution: {integrity: sha512-si7QWI6zUMq56bESFvagtmzMdGOtoxfR+Sez11Mobfc7tm+VkUckk9bW2UeffTGVUbOksxmSw0AA2gs8g71NCQ==}
    engines: {node: '>=12'}

  ws@8.18.0:
    resolution: {integrity: sha512-8VbfWfHLbbwu3+N6OKsOMpBdT4kXPDDB9cJk2bJ6mh9ucxdlnNvH1e+roYkKmN9Nxw2yjz7VzeO9oOz2zJ04Pw==}
    engines: {node: '>=10.0.0'}
    peerDependencies:
      bufferutil: ^4.0.1
      utf-8-validate: '>=5.0.2'
    peerDependenciesMeta:
      bufferutil:
        optional: true
      utf-8-validate:
        optional: true

  yn@3.1.1:
    resolution: {integrity: sha512-Ux4ygGWsu2c7isFWe8Yu1YluJmqVhxqK2cLXNQA5AcC3QfbGNpM7fu0Y8b/z16pXLnFxZYvWhd3fhBY9DLmC6Q==}
    engines: {node: '>=6'}

  zod@3.24.2:
    resolution: {integrity: sha512-lY7CDW43ECgW9u1TcT3IoXHflywfVqDYze4waEz812jR/bZ8FHDsl7pFQoSZTz5N+2NqRXs8GBwnAwo3ZNxqhQ==}

snapshots:

  '@cloudbase/adapter-interface@0.5.0': {}

  '@cloudbase/adapter-interface@0.6.0': {}

  '@cloudbase/adapter-node@1.0.2':
    dependencies:
      '@cloudbase/adapter-interface': 0.5.0
      '@cloudbase/utilities': 2.8.11-beta.0
      node-fetch: 3.3.2
      ws: 8.18.0
    transitivePeerDependencies:
      - bufferutil
      - utf-8-validate

  '@cloudbase/adapter-wx_mp@1.1.0':
    dependencies:
      '@cloudbase/adapter-interface': 0.6.0
      web-streams-polyfill: 4.1.0

  '@cloudbase/ai@2.10.0':
    dependencies:
      '@cloudbase/types': 2.10.0
      '@mattiasbuelens/web-streams-adapter': 0.1.0
      text-encoding-shim: 1.0.5
      web-streams-polyfill: 4.1.0

  '@cloudbase/aiagent-framework@1.0.0-beta.4':
    dependencies:
      '@cloudbase/functions-typings': 1.0.0
      zod: 3.24.2

  '@cloudbase/analytics@2.10.0':
    dependencies:
      '@cloudbase/types': 2.10.0
      '@cloudbase/utilities': 2.10.0

  '@cloudbase/app@2.10.0':
    dependencies:
      '@cloudbase/adapter-interface': 0.6.0
      '@cloudbase/adapter-wx_mp': 1.1.0
      '@cloudbase/types': 2.10.0
      '@cloudbase/utilities': 2.10.0

  '@cloudbase/auth@2.10.0':
    dependencies:
      '@cloudbase/adapter-wx_mp': 1.1.0
      '@cloudbase/oauth': 2.10.0
      '@cloudbase/utilities': 2.10.0

  '@cloudbase/cloudrun@2.10.0':
    dependencies:
      '@cloudbase/adapter-interface': 0.6.0
      '@cloudbase/types': 2.10.0
      '@cloudbase/utilities': 2.10.0

  '@cloudbase/database@0.9.21':
    dependencies:
      bson: 4.7.2
      lodash.clonedeep: 4.5.0
      lodash.set: 4.3.2
      lodash.unset: 4.5.2

  '@cloudbase/functions-typings@1.0.0': {}

  '@cloudbase/functions@2.10.0':
    dependencies:
      '@cloudbase/adapter-interface': 0.6.0
      '@cloudbase/cloudrun': 2.10.0
      '@cloudbase/types': 2.10.0
      '@cloudbase/utilities': 2.10.0

  '@cloudbase/js-sdk@2.10.0':
    dependencies:
      '@cloudbase/adapter-interface': 0.6.0
      '@cloudbase/ai': 2.10.0
      '@cloudbase/analytics': 2.10.0
      '@cloudbase/app': 2.10.0
      '@cloudbase/auth': 2.10.0
      '@cloudbase/cloudrun': 2.10.0
      '@cloudbase/database': 0.9.21
      '@cloudbase/functions': 2.10.0
      '@cloudbase/model': 2.10.0
      '@cloudbase/realtime': 2.10.0
      '@cloudbase/storage': 2.10.0
      '@cloudbase/types': 2.10.0
      '@cloudbase/utilities': 2.10.0

  '@cloudbase/model@2.10.0':
    dependencies:
      '@cloudbase/types': 2.10.0
      '@cloudbase/utilities': 2.10.0
      '@cloudbase/wx-cloud-client-sdk': 1.4.0

  '@cloudbase/oauth@2.10.0': {}

  '@cloudbase/realtime@2.10.0':
    dependencies:
      '@cloudbase/types': 2.10.0

  '@cloudbase/storage@2.10.0':
    dependencies:
      '@cloudbase/types': 2.10.0
      '@cloudbase/utilities': 2.10.0

  '@cloudbase/types@2.10.0':
    dependencies:
      '@cloudbase/adapter-interface': 0.6.0

  '@cloudbase/types@2.8.34':
    dependencies:
      '@cloudbase/adapter-interface': 0.6.0

  '@cloudbase/utilities@2.10.0':
    dependencies:
      '@cloudbase/adapter-interface': 0.6.0
      '@cloudbase/types': 2.10.0
      jwt-decode: 3.1.2

  '@cloudbase/utilities@2.8.11-beta.0':
    dependencies:
      '@cloudbase/adapter-interface': 0.5.0
      '@cloudbase/types': 2.8.34
      jwt-decode: 3.1.2

  '@cloudbase/wx-cloud-client-sdk@1.4.0': {}

  '@cspotcode/source-map-support@0.8.1':
    dependencies:
      '@jridgewell/trace-mapping': 0.3.9

  '@dotenvx/dotenvx@1.39.0':
    dependencies:
      commander: 11.1.0
      dotenv: 16.4.7
      eciesjs: 0.4.14
      execa: 5.1.1
      fdir: 6.4.3(picomatch@4.0.2)
      ignore: 5.3.2
      object-treeify: 1.1.33
      picomatch: 4.0.2
      which: 4.0.0

  '@ecies/ciphers@0.2.3(@noble/ciphers@1.2.1)':
    dependencies:
      '@noble/ciphers': 1.2.1

  '@isaacs/cliui@8.0.2':
    dependencies:
      string-width: 5.1.2
      string-width-cjs: string-width@4.2.3
      strip-ansi: 7.1.0
      strip-ansi-cjs: strip-ansi@6.0.1
      wrap-ansi: 8.1.0
      wrap-ansi-cjs: wrap-ansi@7.0.0

  '@jridgewell/resolve-uri@3.1.2': {}

  '@jridgewell/sourcemap-codec@1.5.0': {}

  '@jridgewell/trace-mapping@0.3.9':
    dependencies:
      '@jridgewell/resolve-uri': 3.1.2
      '@jridgewell/sourcemap-codec': 1.5.0

  '@mattiasbuelens/web-streams-adapter@0.1.0': {}

  '@noble/ciphers@1.2.1': {}

  '@noble/curves@1.8.1':
    dependencies:
      '@noble/hashes': 1.7.1

  '@noble/hashes@1.7.1': {}

  '@tsconfig/node10@1.0.11': {}

  '@tsconfig/node12@1.0.11': {}

  '@tsconfig/node14@1.0.3': {}

  '@tsconfig/node16@1.0.4': {}

  '@types/node-fetch@2.6.12':
    dependencies:
      '@types/node': 22.10.5
      form-data: 4.0.2

  '@types/node@18.19.80':
    dependencies:
      undici-types: 5.26.5

  '@types/node@22.10.5':
    dependencies:
      undici-types: 6.20.0

  abort-controller@3.0.0:
    dependencies:
      event-target-shim: 5.0.1

  acorn-walk@8.3.4:
    dependencies:
      acorn: 8.14.0

  acorn@8.14.0: {}

  agentkeepalive@4.6.0:
    dependencies:
      humanize-ms: 1.2.1

  ansi-regex@5.0.1: {}

  ansi-regex@6.1.0: {}

  ansi-styles@4.3.0:
    dependencies:
      color-convert: 2.0.1

  ansi-styles@6.2.1: {}

  arg@4.1.3: {}

  asynckit@0.4.0: {}

  balanced-match@1.0.2: {}

  base64-js@1.5.1: {}

  brace-expansion@2.0.1:
    dependencies:
      balanced-match: 1.0.2

  bson@4.7.2:
    dependencies:
      buffer: 5.7.1

  buffer@5.7.1:
    dependencies:
      base64-js: 1.5.1
      ieee754: 1.2.1

  call-bind-apply-helpers@1.0.2:
    dependencies:
      es-errors: 1.3.0
      function-bind: 1.1.2

  color-convert@2.0.1:
    dependencies:
      color-name: 1.1.4

  color-name@1.1.4: {}

  combined-stream@1.0.8:
    dependencies:
      delayed-stream: 1.0.0

  commander@11.1.0: {}

  create-require@1.1.1: {}

  cross-spawn@7.0.6:
    dependencies:
      path-key: 3.1.1
      shebang-command: 2.0.0
      which: 2.0.2

  data-uri-to-buffer@4.0.1: {}

  delayed-stream@1.0.0: {}

  diff@4.0.2: {}

  dotenv@16.4.7: {}

  dunder-proto@1.0.1:
    dependencies:
      call-bind-apply-helpers: 1.0.2
      es-errors: 1.3.0
      gopd: 1.2.0

  eastasianwidth@0.2.0: {}

  eciesjs@0.4.14:
    dependencies:
      '@ecies/ciphers': 0.2.3(@noble/ciphers@1.2.1)
      '@noble/ciphers': 1.2.1
      '@noble/curves': 1.8.1
      '@noble/hashes': 1.7.1

  emoji-regex@8.0.0: {}

  emoji-regex@9.2.2: {}

  es-define-property@1.0.1: {}

  es-errors@1.3.0: {}

  es-object-atoms@1.1.1:
    dependencies:
      es-errors: 1.3.0

  es-set-tostringtag@2.1.0:
    dependencies:
      es-errors: 1.3.0
      get-intrinsic: 1.3.0
      has-tostringtag: 1.0.2
      hasown: 2.0.2

  event-target-shim@5.0.1: {}

  execa@5.1.1:
    dependencies:
      cross-spawn: 7.0.6
      get-stream: 6.0.1
      human-signals: 2.1.0
      is-stream: 2.0.1
      merge-stream: 2.0.0
      npm-run-path: 4.0.1
      onetime: 5.1.2
      signal-exit: 3.0.7
      strip-final-newline: 2.0.0

  fdir@6.4.3(picomatch@4.0.2):
    optionalDependencies:
      picomatch: 4.0.2

  fetch-blob@3.2.0:
    dependencies:
      node-domexception: 1.0.0
      web-streams-polyfill: 3.3.3

  foreground-child@3.3.0:
    dependencies:
      cross-spawn: 7.0.6
      signal-exit: 4.1.0

  form-data-encoder@1.7.2: {}

  form-data@4.0.2:
    dependencies:
      asynckit: 0.4.0
      combined-stream: 1.0.8
      es-set-tostringtag: 2.1.0
      mime-types: 2.1.35

  formdata-node@4.4.1:
    dependencies:
      node-domexception: 1.0.0
      web-streams-polyfill: 4.0.0-beta.3

  formdata-polyfill@4.0.10:
    dependencies:
      fetch-blob: 3.2.0

  function-bind@1.1.2: {}

  get-intrinsic@1.3.0:
    dependencies:
      call-bind-apply-helpers: 1.0.2
      es-define-property: 1.0.1
      es-errors: 1.3.0
      es-object-atoms: 1.1.1
      function-bind: 1.1.2
      get-proto: 1.0.1
      gopd: 1.2.0
      has-symbols: 1.1.0
      hasown: 2.0.2
      math-intrinsics: 1.1.0

  get-proto@1.0.1:
    dependencies:
      dunder-proto: 1.0.1
      es-object-atoms: 1.1.1

  get-stream@6.0.1: {}

  glob@11.0.1:
    dependencies:
      foreground-child: 3.3.0
      jackspeak: 4.0.2
      minimatch: 10.0.1
      minipass: 7.1.2
      package-json-from-dist: 1.0.1
      path-scurry: 2.0.0

  gopd@1.2.0: {}

  has-symbols@1.1.0: {}

  has-tostringtag@1.0.2:
    dependencies:
      has-symbols: 1.1.0

  hasown@2.0.2:
    dependencies:
      function-bind: 1.1.2

  human-signals@2.1.0: {}

  humanize-ms@1.2.1:
    dependencies:
      ms: 2.1.3

  ieee754@1.2.1: {}

  ignore@5.3.2: {}

  is-fullwidth-code-point@3.0.0: {}

  is-stream@2.0.1: {}

  isexe@2.0.0: {}

  isexe@3.1.1: {}

  jackspeak@4.0.2:
    dependencies:
      '@isaacs/cliui': 8.0.2

  jwt-decode@3.1.2: {}

  lodash.clonedeep@4.5.0: {}

  lodash.set@4.3.2: {}

  lodash.unset@4.5.2: {}

  lru-cache@11.0.2: {}

  make-error@1.3.6: {}

  math-intrinsics@1.1.0: {}

  merge-stream@2.0.0: {}

  mime-db@1.52.0: {}

  mime-types@2.1.35:
    dependencies:
      mime-db: 1.52.0

  mimic-fn@2.1.0: {}

  minimatch@10.0.1:
    dependencies:
      brace-expansion: 2.0.1

  minipass@7.1.2: {}

  ms@2.1.3: {}

  node-domexception@1.0.0: {}

  node-fetch@2.7.0:
    dependencies:
      whatwg-url: 5.0.0

  node-fetch@3.3.2:
    dependencies:
      data-uri-to-buffer: 4.0.1
      fetch-blob: 3.2.0
      formdata-polyfill: 4.0.10

  npm-run-path@4.0.1:
    dependencies:
      path-key: 3.1.1

  object-treeify@1.1.33: {}

  onetime@5.1.2:
    dependencies:
      mimic-fn: 2.1.0

  openai@4.87.3(ws@8.18.0)(zod@3.24.2):
    dependencies:
      '@types/node': 18.19.80
      '@types/node-fetch': 2.6.12
      abort-controller: 3.0.0
      agentkeepalive: 4.6.0
      form-data-encoder: 1.7.2
      formdata-node: 4.4.1
      node-fetch: 2.7.0
    optionalDependencies:
      ws: 8.18.0
      zod: 3.24.2
    transitivePeerDependencies:
      - encoding

  package-json-from-dist@1.0.1: {}

  path-key@3.1.1: {}

  path-scurry@2.0.0:
    dependencies:
      lru-cache: 11.0.2
      minipass: 7.1.2

  picomatch@4.0.2: {}

  rimraf@6.0.1:
    dependencies:
      glob: 11.0.1
      package-json-from-dist: 1.0.1

  shebang-command@2.0.0:
    dependencies:
      shebang-regex: 3.0.0

  shebang-regex@3.0.0: {}

  signal-exit@3.0.7: {}

  signal-exit@4.1.0: {}

  string-width@4.2.3:
    dependencies:
      emoji-regex: 8.0.0
      is-fullwidth-code-point: 3.0.0
      strip-ansi: 6.0.1

  string-width@5.1.2:
    dependencies:
      eastasianwidth: 0.2.0
      emoji-regex: 9.2.2
      strip-ansi: 7.1.0

  strip-ansi@6.0.1:
    dependencies:
      ansi-regex: 5.0.1

  strip-ansi@7.1.0:
    dependencies:
      ansi-regex: 6.1.0

  strip-final-newline@2.0.0: {}

  text-encoding-shim@1.0.5: {}

  tr46@0.0.3: {}

  ts-node@10.9.2(@types/node@22.10.5)(typescript@5.7.2):
    dependencies:
      '@cspotcode/source-map-support': 0.8.1
      '@tsconfig/node10': 1.0.11
      '@tsconfig/node12': 1.0.11
      '@tsconfig/node14': 1.0.3
      '@tsconfig/node16': 1.0.4
      '@types/node': 22.10.5
      acorn: 8.14.0
      acorn-walk: 8.3.4
      arg: 4.1.3
      create-require: 1.1.1
      diff: 4.0.2
      make-error: 1.3.6
      typescript: 5.7.2
      v8-compile-cache-lib: 3.0.1
      yn: 3.1.1

  typescript@5.7.2: {}

  undici-types@5.26.5: {}

  undici-types@6.20.0: {}

  v8-compile-cache-lib@3.0.1: {}

  web-streams-polyfill@3.3.3: {}

  web-streams-polyfill@4.0.0-beta.3: {}

  web-streams-polyfill@4.1.0: {}

  webidl-conversions@3.0.1: {}

  whatwg-url@5.0.0:
    dependencies:
      tr46: 0.0.3
      webidl-conversions: 3.0.1

  which@2.0.2:
    dependencies:
      isexe: 2.0.0

  which@4.0.0:
    dependencies:
      isexe: 3.1.1

  wrap-ansi@7.0.0:
    dependencies:
      ansi-styles: 4.3.0
      string-width: 4.2.3
      strip-ansi: 6.0.1

  wrap-ansi@8.1.0:
    dependencies:
      ansi-styles: 6.2.1
      string-width: 5.1.2
      strip-ansi: 7.1.0

  ws@8.18.0: {}

  yn@3.1.1: {}

  zod@3.24.2: {}
