{
  "requires": true,
  "lockfileVersion": 1,
  "dependencies": {
    "@minui/wxc-loading": {
      "version": "1.0.8",
      "resolved": "https://registry.npmjs.org/@minui/wxc-loading/-/wxc-loading-1.0.8.tgz",
      "integrity": "sha512-MaCKcDWIWmOanYMIcMYeRYpVFV/WWBOzbAWM+TOQkmhYs/eMR5k9T5W6GqRmmIhAJyEacBj3qfUqZGLO1SizMQ=="
    }
  }
}
