{
  "name": "image",
  "version": "1.0.0",
  "lockfileVersion": 1,
  "requires": true,
  "dependencies": {
    "@sindresorhus/is": {
      "version": "0.14.0",
      "resolved": "http://r.cnpmjs.org/@sindresorhus/is/download/@sindresorhus/is-0.14.0.tgz",
      "integrity": "sha1-n7OjzzEyMoFR81PeRjLgHlIQK+o="
    },
    "@szmarczak/http-timer": {
      "version": "1.1.2",
      "resolved": "http://r.cnpmjs.org/@szmarczak/http-timer/download/@szmarczak/http-timer-1.1.2.tgz",
      "integrity": "sha1-sWZeLEYaLNkvTBu/UNVFTeDUtCE=",
      "requires": {
        "defer-to-connect": "^1.0.1"
      }
    },
    "ajv": {
      "version": "6.10.2",
      "resolved": "http://r.cnpmjs.org/ajv/download/ajv-6.10.2.tgz",
      "integrity": "sha1-086gTWsBeyiUrWkED+yLYj60vVI=",
      "requires": {
        "fast-deep-equal": "^2.0.1",
        "fast-json-stable-stringify": "^2.0.0",
        "json-schema-traverse": "^0.4.1",
        "uri-js": "^4.2.2"
      }
    },
    "asn1": {
      "version": "0.2.4",
      "resolved": "http://r.cnpmjs.org/asn1/download/asn1-0.2.4.tgz",
      "integrity": "sha1-jSR136tVO7M+d7VOWeiAu4ziMTY=",
      "requires": {
        "safer-buffer": "~2.1.0"
      }
    },
    "assert-plus": {
      "version": "1.0.0",
      "resolved": "http://r.cnpmjs.org/assert-plus/download/assert-plus-1.0.0.tgz",
      "integrity": "sha1-8S4PPF13sLHN2RRpQuTpbB5N1SU="
    },
    "asynckit": {
      "version": "0.4.0",
      "resolved": "http://r.cnpmjs.org/asynckit/download/asynckit-0.4.0.tgz",
      "integrity": "sha1-x57Zf380y48robyXkLzDZkdLS3k="
    },
    "aws-sign2": {
      "version": "0.7.0",
      "resolved": "http://r.cnpmjs.org/aws-sign2/download/aws-sign2-0.7.0.tgz",
      "integrity": "sha1-tG6JCTSpWR8tL2+G1+ap8bP+dqg="
    },
    "aws4": {
      "version": "1.8.0",
      "resolved": "http://r.cnpmjs.org/aws4/download/aws4-1.8.0.tgz",
      "integrity": "sha1-8OAD2cqef1nHpQiUXXsu+aBKVC8="
    },
    "bcrypt-pbkdf": {
      "version": "1.0.2",
      "resolved": "http://r.cnpmjs.org/bcrypt-pbkdf/download/bcrypt-pbkdf-1.0.2.tgz",
      "integrity": "sha1-pDAdOJtqQ/m2f/PKEaP2Y342Dp4=",
      "requires": {
        "tweetnacl": "^0.14.3"
      }
    },
    "cacheable-request": {
      "version": "6.1.0",
      "resolved": "http://r.cnpmjs.org/cacheable-request/download/cacheable-request-6.1.0.tgz",
      "integrity": "sha1-IP+4vRYrpL4R6VZ9gj22UQUsqRI=",
      "requires": {
        "clone-response": "^1.0.2",
        "get-stream": "^5.1.0",
        "http-cache-semantics": "^4.0.0",
        "keyv": "^3.0.0",
        "lowercase-keys": "^2.0.0",
        "normalize-url": "^4.1.0",
        "responselike": "^1.0.2"
      },
      "dependencies": {
        "get-stream": {
          "version": "5.1.0",
          "resolved": "http://r.cnpmjs.org/get-stream/download/get-stream-5.1.0.tgz",
          "integrity": "sha1-ASA83JJZf5uQkGfD5lbMH008Tck=",
          "requires": {
            "pump": "^3.0.0"
          }
        },
        "lowercase-keys": {
          "version": "2.0.0",
          "resolved": "http://r.cnpmjs.org/lowercase-keys/download/lowercase-keys-2.0.0.tgz",
          "integrity": "sha1-JgPni3tLAAbLyi+8yKMgJVislHk="
        }
      }
    },
    "caseless": {
      "version": "0.12.0",
      "resolved": "http://r.cnpmjs.org/caseless/download/caseless-0.12.0.tgz",
      "integrity": "sha1-G2gcIf+EAzyCZUMJBolCDRhxUdw="
    },
    "clone-response": {
      "version": "1.0.2",
      "resolved": "http://r.cnpmjs.org/clone-response/download/clone-response-1.0.2.tgz",
      "integrity": "sha1-0dyXOSAxTfZ/vrlCI7TuNQI56Ws=",
      "requires": {
        "mimic-response": "^1.0.0"
      }
    },
    "combined-stream": {
      "version": "1.0.8",
      "resolved": "http://r.cnpmjs.org/combined-stream/download/combined-stream-1.0.8.tgz",
      "integrity": "sha1-w9RaizT9cwYxoRCoolIGgrMdWn8=",
      "requires": {
        "delayed-stream": "~1.0.0"
      }
    },
    "configstore": {
      "version": "3.1.2",
      "resolved": "http://r.cnpmjs.org/configstore/download/configstore-3.1.2.tgz",
      "integrity": "sha1-xvJd767vJt8S3TNBSwAf6BpUP48=",
      "requires": {
        "dot-prop": "^4.1.0",
        "graceful-fs": "^4.1.2",
        "make-dir": "^1.0.0",
        "unique-string": "^1.0.0",
        "write-file-atomic": "^2.0.0",
        "xdg-basedir": "^3.0.0"
      }
    },
    "core-util-is": {
      "version": "1.0.2",
      "resolved": "http://r.cnpmjs.org/core-util-is/download/core-util-is-1.0.2.tgz",
      "integrity": "sha1-tf1UIgqivFq1eqtxQMlAdUUDwac="
    },
    "cos-nodejs-sdk-v5": {
      "version": "2.5.12",
      "resolved": "http://r.cnpmjs.org/cos-nodejs-sdk-v5/download/cos-nodejs-sdk-v5-2.5.12.tgz",
      "integrity": "sha1-cJiyCqIqYixKeGEHqMkiXNAsGUU=",
      "requires": {
        "configstore": "^3.1.2",
        "request": "^2.81.0",
        "xml2js": "^0.4.19"
      }
    },
    "crypto-random-string": {
      "version": "1.0.0",
      "resolved": "http://r.cnpmjs.org/crypto-random-string/download/crypto-random-string-1.0.0.tgz",
      "integrity": "sha1-ojD2T1aDEOFJgAmUB5DsmVRbyn4="
    },
    "dashdash": {
      "version": "1.14.1",
      "resolved": "http://r.cnpmjs.org/dashdash/download/dashdash-1.14.1.tgz",
      "integrity": "sha1-hTz6D3y+L+1d4gMmuN1YEDX24vA=",
      "requires": {
        "assert-plus": "^1.0.0"
      }
    },
    "decompress-response": {
      "version": "3.3.0",
      "resolved": "http://r.cnpmjs.org/decompress-response/download/decompress-response-3.3.0.tgz",
      "integrity": "sha1-gKTdMjdIOEv6JICDYirt7Jgq3/M=",
      "requires": {
        "mimic-response": "^1.0.0"
      }
    },
    "defer-to-connect": {
      "version": "1.0.2",
      "resolved": "http://r.cnpmjs.org/defer-to-connect/download/defer-to-connect-1.0.2.tgz",
      "integrity": "sha1-S651ijFLA0rjOQK1qsJajdaoYz4="
    },
    "define-properties": {
      "version": "1.1.3",
      "resolved": "http://r.cnpmjs.org/define-properties/download/define-properties-1.1.3.tgz",
      "integrity": "sha1-z4jabL7ib+bbcJT2HYcMvYTO6fE=",
      "requires": {
        "object-keys": "^1.0.12"
      }
    },
    "delayed-stream": {
      "version": "1.0.0",
      "resolved": "http://r.cnpmjs.org/delayed-stream/download/delayed-stream-1.0.0.tgz",
      "integrity": "sha1-3zrhmayt+31ECqrgsp4icrJOxhk="
    },
    "dot-prop": {
      "version": "4.2.0",
      "resolved": "http://r.cnpmjs.org/dot-prop/download/dot-prop-4.2.0.tgz",
      "integrity": "sha1-HxngwuGqDjJ5fEl5nyg3rGr2nFc=",
      "requires": {
        "is-obj": "^1.0.0"
      }
    },
    "duplexer3": {
      "version": "0.1.4",
      "resolved": "http://r.cnpmjs.org/duplexer3/download/duplexer3-0.1.4.tgz",
      "integrity": "sha1-7gHdHKwO08vH/b6jfcCo8c4ALOI="
    },
    "ecc-jsbn": {
      "version": "0.1.2",
      "resolved": "http://r.cnpmjs.org/ecc-jsbn/download/ecc-jsbn-0.1.2.tgz",
      "integrity": "sha1-OoOpBOVDUyh4dMVkt1SThoSamMk=",
      "requires": {
        "jsbn": "~0.1.0",
        "safer-buffer": "^2.1.0"
      }
    },
    "end-of-stream": {
      "version": "1.4.3",
      "resolved": "http://r.cnpmjs.org/end-of-stream/download/end-of-stream-1.4.3.tgz",
      "integrity": "sha1-nbmGFiDkcoPNSVE76cNE8znsUVM=",
      "requires": {
        "once": "^1.4.0"
      }
    },
    "es-abstract": {
      "version": "1.14.2",
      "resolved": "http://r.cnpmjs.org/es-abstract/download/es-abstract-1.14.2.tgz",
      "integrity": "sha1-fOEI+tgwaMh4PDzfYuUE4ITYxJc=",
      "requires": {
        "es-to-primitive": "^1.2.0",
        "function-bind": "^1.1.1",
        "has": "^1.0.3",
        "has-symbols": "^1.0.0",
        "is-callable": "^1.1.4",
        "is-regex": "^1.0.4",
        "object-inspect": "^1.6.0",
        "object-keys": "^1.1.1",
        "string.prototype.trimleft": "^2.0.0",
        "string.prototype.trimright": "^2.0.0"
      }
    },
    "es-to-primitive": {
      "version": "1.2.0",
      "resolved": "http://r.cnpmjs.org/es-to-primitive/download/es-to-primitive-1.2.0.tgz",
      "integrity": "sha1-7fckeAM0VujdqO8J4ArZZQcH83c=",
      "requires": {
        "is-callable": "^1.1.4",
        "is-date-object": "^1.0.1",
        "is-symbol": "^1.0.2"
      }
    },
    "extend": {
      "version": "3.0.2",
      "resolved": "http://r.cnpmjs.org/extend/download/extend-3.0.2.tgz",
      "integrity": "sha1-+LETa0Bx+9jrFAr/hYsQGewpFfo="
    },
    "extsprintf": {
      "version": "1.3.0",
      "resolved": "http://r.cnpmjs.org/extsprintf/download/extsprintf-1.3.0.tgz",
      "integrity": "sha1-lpGEQOMEGnpBT4xS48V06zw+HgU="
    },
    "fast-deep-equal": {
      "version": "2.0.1",
      "resolved": "http://r.cnpmjs.org/fast-deep-equal/download/fast-deep-equal-2.0.1.tgz",
      "integrity": "sha1-ewUhjd+WZ79/Nwv3/bLLFf3Qqkk="
    },
    "fast-json-stable-stringify": {
      "version": "2.0.0",
      "resolved": "http://r.cnpmjs.org/fast-json-stable-stringify/download/fast-json-stable-stringify-2.0.0.tgz",
      "integrity": "sha1-1RQsDK7msRifh9OnYREGT4bIu/I="
    },
    "forever-agent": {
      "version": "0.6.1",
      "resolved": "http://r.cnpmjs.org/forever-agent/download/forever-agent-0.6.1.tgz",
      "integrity": "sha1-+8cfDEGt6zf5bFd60e1C2P2sypE="
    },
    "form-data": {
      "version": "2.3.3",
      "resolved": "http://r.cnpmjs.org/form-data/download/form-data-2.3.3.tgz",
      "integrity": "sha1-3M5SwF9kTymManq5Nr1yTO/786Y=",
      "requires": {
        "asynckit": "^0.4.0",
        "combined-stream": "^1.0.6",
        "mime-types": "^2.1.12"
      }
    },
    "function-bind": {
      "version": "1.1.1",
      "resolved": "http://r.cnpmjs.org/function-bind/download/function-bind-1.1.1.tgz",
      "integrity": "sha1-pWiZ0+o8m6uHS7l3O3xe3pL0iV0="
    },
    "get-stream": {
      "version": "4.1.0",
      "resolved": "http://r.cnpmjs.org/get-stream/download/get-stream-4.1.0.tgz",
      "integrity": "sha1-wbJVV189wh1Zv8ec09K0axw6VLU=",
      "requires": {
        "pump": "^3.0.0"
      }
    },
    "getpass": {
      "version": "0.1.7",
      "resolved": "http://r.cnpmjs.org/getpass/download/getpass-0.1.7.tgz",
      "integrity": "sha1-Xv+OPmhNVprkyysSgmBOi6YhSfo=",
      "requires": {
        "assert-plus": "^1.0.0"
      }
    },
    "got": {
      "version": "9.6.0",
      "resolved": "http://r.cnpmjs.org/got/download/got-9.6.0.tgz",
      "integrity": "sha1-7fRefWf5lUVwXeH3u+7rEhdl7YU=",
      "requires": {
        "@sindresorhus/is": "^0.14.0",
        "@szmarczak/http-timer": "^1.1.2",
        "cacheable-request": "^6.0.0",
        "decompress-response": "^3.3.0",
        "duplexer3": "^0.1.4",
        "get-stream": "^4.1.0",
        "lowercase-keys": "^1.0.1",
        "mimic-response": "^1.0.1",
        "p-cancelable": "^1.0.0",
        "to-readable-stream": "^1.0.0",
        "url-parse-lax": "^3.0.0"
      }
    },
    "graceful-fs": {
      "version": "4.2.2",
      "resolved": "http://r.cnpmjs.org/graceful-fs/download/graceful-fs-4.2.2.tgz",
      "integrity": "sha1-bwlSYF0BQMHP2xOO0AV3W5LWewI="
    },
    "har-schema": {
      "version": "2.0.0",
      "resolved": "http://r.cnpmjs.org/har-schema/download/har-schema-2.0.0.tgz",
      "integrity": "sha1-qUwiJOvKwEeCoNkDVSHyRzW37JI="
    },
    "har-validator": {
      "version": "5.1.3",
      "resolved": "http://r.cnpmjs.org/har-validator/download/har-validator-5.1.3.tgz",
      "integrity": "sha1-HvievT5JllV2de7ZiTEQ3DUPoIA=",
      "requires": {
        "ajv": "^6.5.5",
        "har-schema": "^2.0.0"
      }
    },
    "has": {
      "version": "1.0.3",
      "resolved": "http://r.cnpmjs.org/has/download/has-1.0.3.tgz",
      "integrity": "sha1-ci18v8H2qoJB8W3YFOAR4fQeh5Y=",
      "requires": {
        "function-bind": "^1.1.1"
      }
    },
    "has-symbols": {
      "version": "1.0.0",
      "resolved": "http://r.cnpmjs.org/has-symbols/download/has-symbols-1.0.0.tgz",
      "integrity": "sha1-uhqPGvKg/DllD1yFA2dwQSIGO0Q="
    },
    "http-cache-semantics": {
      "version": "4.0.3",
      "resolved": "http://r.cnpmjs.org/http-cache-semantics/download/http-cache-semantics-4.0.3.tgz",
      "integrity": "sha1-SVcEdzJ37u9uQ/mrLCx9JZ3aJcU="
    },
    "http-signature": {
      "version": "1.2.0",
      "resolved": "http://r.cnpmjs.org/http-signature/download/http-signature-1.2.0.tgz",
      "integrity": "sha1-muzZJRFHcvPZW2WmCruPfBj7rOE=",
      "requires": {
        "assert-plus": "^1.0.0",
        "jsprim": "^1.2.2",
        "sshpk": "^1.7.0"
      }
    },
    "imurmurhash": {
      "version": "0.1.4",
      "resolved": "http://r.cnpmjs.org/imurmurhash/download/imurmurhash-0.1.4.tgz",
      "integrity": "sha1-khi5srkoojixPcT7a21XbyMUU+o="
    },
    "is-callable": {
      "version": "1.1.4",
      "resolved": "http://r.cnpmjs.org/is-callable/download/is-callable-1.1.4.tgz",
      "integrity": "sha1-HhrfIZ4e62hNaR+dagX/DTCiTXU="
    },
    "is-date-object": {
      "version": "1.0.1",
      "resolved": "http://r.cnpmjs.org/is-date-object/download/is-date-object-1.0.1.tgz",
      "integrity": "sha1-mqIOtq7rv/d/vTPnTKAbM1gdOhY="
    },
    "is-obj": {
      "version": "1.0.1",
      "resolved": "http://r.cnpmjs.org/is-obj/download/is-obj-1.0.1.tgz",
      "integrity": "sha1-PkcprB9f3gJc19g6iW2rn09n2w8="
    },
    "is-regex": {
      "version": "1.0.4",
      "resolved": "http://r.cnpmjs.org/is-regex/download/is-regex-1.0.4.tgz",
      "integrity": "sha1-VRdIm1RwkbCTDglWVM7SXul+lJE=",
      "requires": {
        "has": "^1.0.1"
      }
    },
    "is-symbol": {
      "version": "1.0.2",
      "resolved": "http://r.cnpmjs.org/is-symbol/download/is-symbol-1.0.2.tgz",
      "integrity": "sha1-oFX2rlcZLK7jKeeoYBGLSXqVDzg=",
      "requires": {
        "has-symbols": "^1.0.0"
      }
    },
    "is-typedarray": {
      "version": "1.0.0",
      "resolved": "http://r.cnpmjs.org/is-typedarray/download/is-typedarray-1.0.0.tgz",
      "integrity": "sha1-5HnICFjfDBsR3dppQPlgEfzaSpo="
    },
    "isstream": {
      "version": "0.1.2",
      "resolved": "http://r.cnpmjs.org/isstream/download/isstream-0.1.2.tgz",
      "integrity": "sha1-R+Y/evVa+m+S4VAOaQ64uFKcCZo="
    },
    "jsbn": {
      "version": "0.1.1",
      "resolved": "http://r.cnpmjs.org/jsbn/download/jsbn-0.1.1.tgz",
      "integrity": "sha1-peZUwuWi3rXyAdls77yoDA7y9RM="
    },
    "json-buffer": {
      "version": "3.0.0",
      "resolved": "http://r.cnpmjs.org/json-buffer/download/json-buffer-3.0.0.tgz",
      "integrity": "sha1-Wx85evx11ne96Lz8Dkfh+aPZqJg="
    },
    "json-schema": {
      "version": "0.2.3",
      "resolved": "http://r.cnpmjs.org/json-schema/download/json-schema-0.2.3.tgz",
      "integrity": "sha1-tIDIkuWaLwWVTOcnvT8qTogvnhM="
    },
    "json-schema-traverse": {
      "version": "0.4.1",
      "resolved": "http://r.cnpmjs.org/json-schema-traverse/download/json-schema-traverse-0.4.1.tgz",
      "integrity": "sha1-afaofZUTq4u4/mO9sJecRI5oRmA="
    },
    "json-stringify-safe": {
      "version": "5.0.1",
      "resolved": "http://r.cnpmjs.org/json-stringify-safe/download/json-stringify-safe-5.0.1.tgz",
      "integrity": "sha1-Epai1Y/UXxmg9s4B1lcB4sc1tus="
    },
    "jsprim": {
      "version": "1.4.1",
      "resolved": "http://r.cnpmjs.org/jsprim/download/jsprim-1.4.1.tgz",
      "integrity": "sha1-MT5mvB5cwG5Di8G3SZwuXFastqI=",
      "requires": {
        "assert-plus": "1.0.0",
        "extsprintf": "1.3.0",
        "json-schema": "0.2.3",
        "verror": "1.10.0"
      }
    },
    "keyv": {
      "version": "3.1.0",
      "resolved": "http://r.cnpmjs.org/keyv/download/keyv-3.1.0.tgz",
      "integrity": "sha1-7MIoSG9pmR5J6UdkhaW+Ho/FxNk=",
      "requires": {
        "json-buffer": "3.0.0"
      }
    },
    "lowercase-keys": {
      "version": "1.0.1",
      "resolved": "http://r.cnpmjs.org/lowercase-keys/download/lowercase-keys-1.0.1.tgz",
      "integrity": "sha1-b54wtHCE2XGnyCD/FabFFnt0wm8="
    },
    "make-dir": {
      "version": "1.3.0",
      "resolved": "http://r.cnpmjs.org/make-dir/download/make-dir-1.3.0.tgz",
      "integrity": "sha1-ecEDO4BRW9bSTsmTPoYMp17ifww=",
      "requires": {
        "pify": "^3.0.0"
      }
    },
    "mime-db": {
      "version": "1.40.0",
      "resolved": "http://r.cnpmjs.org/mime-db/download/mime-db-1.40.0.tgz",
      "integrity": "sha1-plBX6ZjbCQ9zKmj2wnbTh9QSbDI="
    },
    "mime-types": {
      "version": "2.1.24",
      "resolved": "http://r.cnpmjs.org/mime-types/download/mime-types-2.1.24.tgz",
      "integrity": "sha1-tvjQs+lR77d97eyhlM/20W9nb4E=",
      "requires": {
        "mime-db": "1.40.0"
      }
    },
    "mimic-response": {
      "version": "1.0.1",
      "resolved": "http://r.cnpmjs.org/mimic-response/download/mimic-response-1.0.1.tgz",
      "integrity": "sha1-SSNTiHju9CBjy4o+OweYeBSHqxs="
    },
    "normalize-url": {
      "version": "4.4.1",
      "resolved": "http://r.cnpmjs.org/normalize-url/download/normalize-url-4.4.1.tgz",
      "integrity": "sha1-genBU7CtV0N1VpbyqiBIjUjpYrY="
    },
    "oauth-sign": {
      "version": "0.9.0",
      "resolved": "http://r.cnpmjs.org/oauth-sign/download/oauth-sign-0.9.0.tgz",
      "integrity": "sha1-R6ewFrqmi1+g7PPe4IqFxnmsZFU="
    },
    "object-inspect": {
      "version": "1.6.0",
      "resolved": "http://r.cnpmjs.org/object-inspect/download/object-inspect-1.6.0.tgz",
      "integrity": "sha1-xwtsv3LydKq0w0wMgvUWe/gs8Vs="
    },
    "object-keys": {
      "version": "1.1.1",
      "resolved": "http://r.cnpmjs.org/object-keys/download/object-keys-1.1.1.tgz",
      "integrity": "sha1-HEfyct8nfzsdrwYWd9nILiMixg4="
    },
    "object.getownpropertydescriptors": {
      "version": "2.0.3",
      "resolved": "http://r.cnpmjs.org/object.getownpropertydescriptors/download/object.getownpropertydescriptors-2.0.3.tgz",
      "integrity": "sha1-h1jIRvW0B62rDyNuCYbxSwUcqhY=",
      "requires": {
        "define-properties": "^1.1.2",
        "es-abstract": "^1.5.1"
      }
    },
    "once": {
      "version": "1.4.0",
      "resolved": "http://r.cnpmjs.org/once/download/once-1.4.0.tgz",
      "integrity": "sha1-WDsap3WWHUsROsF9nFC6753Xa9E=",
      "requires": {
        "wrappy": "1"
      }
    },
    "p-cancelable": {
      "version": "1.1.0",
      "resolved": "http://r.cnpmjs.org/p-cancelable/download/p-cancelable-1.1.0.tgz",
      "integrity": "sha1-0HjRWjr0CSIMiG8dmgyi5EGrJsw="
    },
    "performance-now": {
      "version": "2.1.0",
      "resolved": "http://r.cnpmjs.org/performance-now/download/performance-now-2.1.0.tgz",
      "integrity": "sha1-Ywn04OX6kT7BxpMHrjZLSzd8nns="
    },
    "pify": {
      "version": "3.0.0",
      "resolved": "http://r.cnpmjs.org/pify/download/pify-3.0.0.tgz",
      "integrity": "sha1-5aSs0sEB/fPZpNB/DbxNtJ3SgXY="
    },
    "prepend-http": {
      "version": "2.0.0",
      "resolved": "http://r.cnpmjs.org/prepend-http/download/prepend-http-2.0.0.tgz",
      "integrity": "sha1-6SQ0v6XqjBn0HN/UAddBo8gZ2Jc="
    },
    "psl": {
      "version": "1.4.0",
      "resolved": "http://r.cnpmjs.org/psl/download/psl-1.4.0.tgz",
      "integrity": "sha1-XdJhVs22n6H9uKsZkWZ9P4DO18I="
    },
    "pump": {
      "version": "3.0.0",
      "resolved": "http://r.cnpmjs.org/pump/download/pump-3.0.0.tgz",
      "integrity": "sha1-tKIRaBW94vTh6mAjVOjHVWUQemQ=",
      "requires": {
        "end-of-stream": "^1.1.0",
        "once": "^1.3.1"
      }
    },
    "punycode": {
      "version": "2.1.1",
      "resolved": "http://r.cnpmjs.org/punycode/download/punycode-2.1.1.tgz",
      "integrity": "sha1-tYsBCsQMIsVldhbI0sLALHv0eew="
    },
    "qs": {
      "version": "6.5.2",
      "resolved": "http://r.cnpmjs.org/qs/download/qs-6.5.2.tgz",
      "integrity": "sha1-yzroBuh0BERYTvFUzo7pjUA/PjY="
    },
    "request": {
      "version": "2.88.0",
      "resolved": "http://r.cnpmjs.org/request/download/request-2.88.0.tgz",
      "integrity": "sha1-nC/KT301tZLv5Xx/ClXoEFIST+8=",
      "requires": {
        "aws-sign2": "~0.7.0",
        "aws4": "^1.8.0",
        "caseless": "~0.12.0",
        "combined-stream": "~1.0.6",
        "extend": "~3.0.2",
        "forever-agent": "~0.6.1",
        "form-data": "~2.3.2",
        "har-validator": "~5.1.0",
        "http-signature": "~1.2.0",
        "is-typedarray": "~1.0.0",
        "isstream": "~0.1.2",
        "json-stringify-safe": "~5.0.1",
        "mime-types": "~2.1.19",
        "oauth-sign": "~0.9.0",
        "performance-now": "^2.1.0",
        "qs": "~6.5.2",
        "safe-buffer": "^5.1.2",
        "tough-cookie": "~2.4.3",
        "tunnel-agent": "^0.6.0",
        "uuid": "^3.3.2"
      }
    },
    "responselike": {
      "version": "1.0.2",
      "resolved": "http://r.cnpmjs.org/responselike/download/responselike-1.0.2.tgz",
      "integrity": "sha1-kYcg7ztjHFZCvgaPFa3lpG9Loec=",
      "requires": {
        "lowercase-keys": "^1.0.0"
      }
    },
    "safe-buffer": {
      "version": "5.2.0",
      "resolved": "http://r.cnpmjs.org/safe-buffer/download/safe-buffer-5.2.0.tgz",
      "integrity": "sha1-t02uxJsRSPiMZLaNSbHoFcHy9Rk="
    },
    "safer-buffer": {
      "version": "2.1.2",
      "resolved": "http://r.cnpmjs.org/safer-buffer/download/safer-buffer-2.1.2.tgz",
      "integrity": "sha1-RPoWGwGHuVSd2Eu5GAL5vYOFzWo="
    },
    "sax": {
      "version": "1.2.4",
      "resolved": "http://r.cnpmjs.org/sax/download/sax-1.2.4.tgz",
      "integrity": "sha1-KBYjTiN4vdxOU1T6tcqold9xANk="
    },
    "signal-exit": {
      "version": "3.0.2",
      "resolved": "http://r.cnpmjs.org/signal-exit/download/signal-exit-3.0.2.tgz",
      "integrity": "sha1-tf3AjxKH6hF4Yo5BXiUTK3NkbG0="
    },
    "sshpk": {
      "version": "1.16.1",
      "resolved": "http://r.cnpmjs.org/sshpk/download/sshpk-1.16.1.tgz",
      "integrity": "sha1-+2YcC+8ps520B2nuOfpwCT1vaHc=",
      "requires": {
        "asn1": "~0.2.3",
        "assert-plus": "^1.0.0",
        "bcrypt-pbkdf": "^1.0.0",
        "dashdash": "^1.12.0",
        "ecc-jsbn": "~0.1.1",
        "getpass": "^0.1.1",
        "jsbn": "~0.1.0",
        "safer-buffer": "^2.0.2",
        "tweetnacl": "~0.14.0"
      }
    },
    "string.prototype.trimleft": {
      "version": "2.1.0",
      "resolved": "http://r.cnpmjs.org/string.prototype.trimleft/download/string.prototype.trimleft-2.1.0.tgz",
      "integrity": "sha1-bMR/DX641isPNwFhFxWjlUWR1jQ=",
      "requires": {
        "define-properties": "^1.1.3",
        "function-bind": "^1.1.1"
      }
    },
    "string.prototype.trimright": {
      "version": "2.1.0",
      "resolved": "http://r.cnpmjs.org/string.prototype.trimright/download/string.prototype.trimright-2.1.0.tgz",
      "integrity": "sha1-Zp0WS+nfm291WfqOiZRbFopabFg=",
      "requires": {
        "define-properties": "^1.1.3",
        "function-bind": "^1.1.1"
      }
    },
    "to-readable-stream": {
      "version": "1.0.0",
      "resolved": "http://r.cnpmjs.org/to-readable-stream/download/to-readable-stream-1.0.0.tgz",
      "integrity": "sha1-zgqgwvPfat+FLvtASng+d8BHV3E="
    },
    "tough-cookie": {
      "version": "2.4.3",
      "resolved": "http://r.cnpmjs.org/tough-cookie/download/tough-cookie-2.4.3.tgz",
      "integrity": "sha1-U/Nto/R3g7CSWvoG/587FlKA94E=",
      "requires": {
        "psl": "^1.1.24",
        "punycode": "^1.4.1"
      },
      "dependencies": {
        "punycode": {
          "version": "1.4.1",
          "resolved": "http://r.cnpmjs.org/punycode/download/punycode-1.4.1.tgz",
          "integrity": "sha1-wNWmOycYgArY4esPpSachN1BhF4="
        }
      }
    },
    "tunnel-agent": {
      "version": "0.6.0",
      "resolved": "http://r.cnpmjs.org/tunnel-agent/download/tunnel-agent-0.6.0.tgz",
      "integrity": "sha1-J6XeoGs2sEoKmWZ3SykIaPD8QP0=",
      "requires": {
        "safe-buffer": "^5.0.1"
      }
    },
    "tweetnacl": {
      "version": "0.14.5",
      "resolved": "http://r.cnpmjs.org/tweetnacl/download/tweetnacl-0.14.5.tgz",
      "integrity": "sha1-WuaBd/GS1EViadEIr6k/+HQ/T2Q="
    },
    "unique-string": {
      "version": "1.0.0",
      "resolved": "http://r.cnpmjs.org/unique-string/download/unique-string-1.0.0.tgz",
      "integrity": "sha1-nhBXzKhRq7kzmPizOuGHuZyuwRo=",
      "requires": {
        "crypto-random-string": "^1.0.0"
      }
    },
    "uri-js": {
      "version": "4.2.2",
      "resolved": "http://r.cnpmjs.org/uri-js/download/uri-js-4.2.2.tgz",
      "integrity": "sha1-lMVA4f93KVbiKZUHwBCupsiDjrA=",
      "requires": {
        "punycode": "^2.1.0"
      }
    },
    "url-parse-lax": {
      "version": "3.0.0",
      "resolved": "http://r.cnpmjs.org/url-parse-lax/download/url-parse-lax-3.0.0.tgz",
      "integrity": "sha1-FrXK/Afb42dsGxmZF3gj1lA6yww=",
      "requires": {
        "prepend-http": "^2.0.0"
      }
    },
    "util.promisify": {
      "version": "1.0.0",
      "resolved": "http://r.cnpmjs.org/util.promisify/download/util.promisify-1.0.0.tgz",
      "integrity": "sha1-RA9xZaRZyaFtwUXrjnLzVocJcDA=",
      "requires": {
        "define-properties": "^1.1.2",
        "object.getownpropertydescriptors": "^2.0.3"
      }
    },
    "uuid": {
      "version": "3.3.3",
      "resolved": "http://r.cnpmjs.org/uuid/download/uuid-3.3.3.tgz",
      "integrity": "sha1-RWjwIW54dg7h2/Ok0s9T4iQRKGY="
    },
    "verror": {
      "version": "1.10.0",
      "resolved": "http://r.cnpmjs.org/verror/download/verror-1.10.0.tgz",
      "integrity": "sha1-OhBcoXBTr1XW4nDB+CiGguGNpAA=",
      "requires": {
        "assert-plus": "^1.0.0",
        "core-util-is": "1.0.2",
        "extsprintf": "^1.2.0"
      }
    },
    "wrappy": {
      "version": "1.0.2",
      "resolved": "http://r.cnpmjs.org/wrappy/download/wrappy-1.0.2.tgz",
      "integrity": "sha1-tSQ9jz7BqjXxNkYFvA0QNuMKtp8="
    },
    "write-file-atomic": {
      "version": "2.4.3",
      "resolved": "http://r.cnpmjs.org/write-file-atomic/download/write-file-atomic-2.4.3.tgz",
      "integrity": "sha1-H9Lprh3z51uNjDZ0Q8aS1MqB9IE=",
      "requires": {
        "graceful-fs": "^4.1.11",
        "imurmurhash": "^0.1.4",
        "signal-exit": "^3.0.2"
      }
    },
    "xdg-basedir": {
      "version": "3.0.0",
      "resolved": "http://r.cnpmjs.org/xdg-basedir/download/xdg-basedir-3.0.0.tgz",
      "integrity": "sha1-SWsswQnsqNus/i3HK2A8F8WHCtQ="
    },
    "xml2js": {
      "version": "0.4.22",
      "resolved": "http://r.cnpmjs.org/xml2js/download/xml2js-0.4.22.tgz",
      "integrity": "sha1-T6LYRuyAMjfehvMKqbX3C2YA3gI=",
      "requires": {
        "sax": ">=0.6.0",
        "util.promisify": "~1.0.0",
        "xmlbuilder": "~11.0.0"
      }
    },
    "xmlbuilder": {
      "version": "11.0.1",
      "resolved": "http://r.cnpmjs.org/xmlbuilder/download/xmlbuilder-11.0.1.tgz",
      "integrity": "sha1-vpuuHIoEbnazESdyY0fQrXACvrM="
    }
  }
}
