lockfileVersion: '9.0'

settings:
  autoInstallPeers: true
  excludeLinksFromLockfile: false

importers:

  .:
    dependencies:
      '@cloudbase/aiagent-framework':
        specifier: 1.0.0-beta.2
        version: 1.0.0-beta.2
      '@cloudbase/functions-typings':
        specifier: 1.0.0
        version: 1.0.0

packages:

  '@cloudbase/aiagent-framework@1.0.0-beta.2':
    resolution: {integrity: sha512-uZWo4AABzT6/F5T16RE/A4fmLprTPI4etpJPXOFneJU8e53Z1s+USFs0nyfa4quXFGLFWkeuo824Xq6d8A3XVw==}
    engines: {node: '>=18.0.0'}

  '@cloudbase/functions-typings@1.0.0':
    resolution: {integrity: sha512-Zwdj//5F3TJPM+UR0X/olYiRG0Cu1xU1M4wP7jgnXwTzZjtEYytVArCm0QN/4C+5wRjX2B0BWZkpt2Pm6HsWQA==}
    engines: {node: '>=18.0.0'}

  zod@3.24.2:
    resolution: {integrity: sha512-lY7CDW43ECgW9u1TcT3IoXHflywfVqDYze4waEz812jR/bZ8FHDsl7pFQoSZTz5N+2NqRXs8GBwnAwo3ZNxqhQ==}

snapshots:

  '@cloudbase/aiagent-framework@1.0.0-beta.2':
    dependencies:
      '@cloudbase/functions-typings': 1.0.0
      zod: 3.24.2

  '@cloudbase/functions-typings@1.0.0': {}

  zod@3.24.2: {}
