lockfileVersion: '9.0'

settings:
  autoInstallPeers: true
  excludeLinksFromLockfile: false

importers:

  .:
    dependencies:
      '@cloudbase/aiagent-framework':
        specifier: 1.0.0-beta.4
        version: 1.0.0-beta.4
      '@cloudbase/functions-typings':
        specifier: 1.0.0
        version: 1.0.0

packages:

  '@cloudbase/aiagent-framework@1.0.0-beta.4':
    resolution: {integrity: sha512-XO01+P0ZbLFulBoMQzHmOVA8XfDslMjKk4g8fvKv63D2/EaOILcnOXqjEsN2KzJYHDhtwMEy1tO605E0tEHvrA==}
    engines: {node: '>=18.0.0'}

  '@cloudbase/functions-typings@1.0.0':
    resolution: {integrity: sha512-Zwdj//5F3TJPM+UR0X/olYiRG0Cu1xU1M4wP7jgnXwTzZjtEYytVArCm0QN/4C+5wRjX2B0BWZkpt2Pm6HsWQA==}
    engines: {node: '>=18.0.0'}

  zod@3.24.2:
    resolution: {integrity: sha512-lY7CDW43ECgW9u1TcT3IoXHflywfVqDYze4waEz812jR/bZ8FHDsl7pFQoSZTz5N+2NqRXs8GBwnAwo3ZNxqhQ==}

snapshots:

  '@cloudbase/aiagent-framework@1.0.0-beta.4':
    dependencies:
      '@cloudbase/functions-typings': 1.0.0
      zod: 3.24.2

  '@cloudbase/functions-typings@1.0.0': {}

  zod@3.24.2: {}
